// !$*UTF8*$!
{
	archiveVersion = 1;
	classes = {
	};
	objectVersion = 52;
	objects = {

/* Begin PBXBuildFile section */
		309A4BCD09D7A7F4229BCF8D /* Pods_Announcer.framework in Frameworks */ = {isa = PBXBuildFile; fileRef = A432EC983826F26531689284 /* Pods_Announcer.framework */; };
		324576F7238D8DF200730F17 /* SwiftyJSON in Frameworks */ = {isa = PBXBuildFile; productRef = 324576F6238D8DF200730F17 /* SwiftyJSON */; };
		324576F9238D8E0E00730F17 /* Globals.swift in Sources */ = {isa = PBXBuildFile; fileRef = 324576F8238D8E0E00730F17 /* Globals.swift */; };
		324576FB238E063500730F17 /* AnnouncementTableView.swift in Sources */ = {isa = PBXBuildFile; fileRef = 324576FA238E063500730F17 /* AnnouncementTableView.swift */; };
		324576FD238E0FB300730F17 /* ContentViewController.swift in Sources */ = {isa = PBXBuildFile; fileRef = 324576FC238E0FB300730F17 /* ContentViewController.swift */; };
		32D99536238C068D00208D25 /* AppDelegate.swift in Sources */ = {isa = PBXBuildFile; fileRef = 32D99535238C068D00208D25 /* AppDelegate.swift */; };
		32D99538238C068D00208D25 /* SceneDelegate.swift in Sources */ = {isa = PBXBuildFile; fileRef = 32D99537238C068D00208D25 /* SceneDelegate.swift */; };
		32D9953D238C068D00208D25 /* Main.storyboard in Resources */ = {isa = PBXBuildFile; fileRef = 32D9953B238C068D00208D25 /* Main.storyboard */; };
		32D9953F238C068F00208D25 /* Assets.xcassets in Resources */ = {isa = PBXBuildFile; fileRef = 32D9953E238C068F00208D25 /* Assets.xcassets */; };
		32D99542238C068F00208D25 /* LaunchScreen.storyboard in Resources */ = {isa = PBXBuildFile; fileRef = 32D99540238C068F00208D25 /* LaunchScreen.storyboard */; };
		32D9954A238C087500208D25 /* GoogleService-Info.plist in Resources */ = {isa = PBXBuildFile; fileRef = 32D99549238C087500208D25 /* GoogleService-Info.plist */; };
		32D9954C238D865600208D25 /* AnnouncementsTableViewController.swift in Sources */ = {isa = PBXBuildFile; fileRef = 32D9954B238D865600208D25 /* AnnouncementsTableViewController.swift */; };
		32D9954E238D87D200208D25 /* AnnouncementTableViewCell.swift in Sources */ = {isa = PBXBuildFile; fileRef = 32D9954D238D87D200208D25 /* AnnouncementTableViewCell.swift */; };
/* End PBXBuildFile section */

/* Begin PBXFileReference section */
		16906328AAE7B1CA93C97E2A /* Pods-Announcer.debug.xcconfig */ = {isa = PBXFileReference; includeInIndex = 1; lastKnownFileType = text.xcconfig; name = "Pods-Announcer.debug.xcconfig"; path = "Target Support Files/Pods-Announcer/Pods-Announcer.debug.xcconfig"; sourceTree = "<group>"; };
		324576F8238D8E0E00730F17 /* Globals.swift */ = {isa = PBXFileReference; lastKnownFileType = sourcecode.swift; path = Globals.swift; sourceTree = "<group>"; };
		324576FA238E063500730F17 /* AnnouncementTableView.swift */ = {isa = PBXFileReference; lastKnownFileType = sourcecode.swift; path = AnnouncementTableView.swift; sourceTree = "<group>"; };
		324576FC238E0FB300730F17 /* ContentViewController.swift */ = {isa = PBXFileReference; lastKnownFileType = sourcecode.swift; path = ContentViewController.swift; sourceTree = "<group>"; };
		32D99532238C068D00208D25 /* SST Announcer.app */ = {isa = PBXFileReference; explicitFileType = wrapper.application; includeInIndex = 0; path = "SST Announcer.app"; sourceTree = BUILT_PRODUCTS_DIR; };
		32D99535238C068D00208D25 /* AppDelegate.swift */ = {isa = PBXFileReference; lastKnownFileType = sourcecode.swift; path = AppDelegate.swift; sourceTree = "<group>"; };
		32D99537238C068D00208D25 /* SceneDelegate.swift */ = {isa = PBXFileReference; lastKnownFileType = sourcecode.swift; path = SceneDelegate.swift; sourceTree = "<group>"; };
		32D9953C238C068D00208D25 /* Base */ = {isa = PBXFileReference; lastKnownFileType = file.storyboard; name = Base; path = Base.lproj/Main.storyboard; sourceTree = "<group>"; };
		32D9953E238C068F00208D25 /* Assets.xcassets */ = {isa = PBXFileReference; lastKnownFileType = folder.assetcatalog; path = Assets.xcassets; sourceTree = "<group>"; };
		32D99541238C068F00208D25 /* Base */ = {isa = PBXFileReference; lastKnownFileType = file.storyboard; name = Base; path = Base.lproj/LaunchScreen.storyboard; sourceTree = "<group>"; };
		32D99543238C068F00208D25 /* Info.plist */ = {isa = PBXFileReference; lastKnownFileType = text.plist.xml; path = Info.plist; sourceTree = "<group>"; };
		32D99549238C087500208D25 /* GoogleService-Info.plist */ = {isa = PBXFileReference; fileEncoding = 4; lastKnownFileType = text.plist.xml; path = "GoogleService-Info.plist"; sourceTree = "<group>"; };
		32D9954B238D865600208D25 /* AnnouncementsTableViewController.swift */ = {isa = PBXFileReference; lastKnownFileType = sourcecode.swift; path = AnnouncementsTableViewController.swift; sourceTree = "<group>"; };
		32D9954D238D87D200208D25 /* AnnouncementTableViewCell.swift */ = {isa = PBXFileReference; lastKnownFileType = sourcecode.swift; path = AnnouncementTableViewCell.swift; sourceTree = "<group>"; };
		827D72A5D23028414F2EC68E /* Pods-Announcer.release.xcconfig */ = {isa = PBXFileReference; includeInIndex = 1; lastKnownFileType = text.xcconfig; name = "Pods-Announcer.release.xcconfig"; path = "Target Support Files/Pods-Announcer/Pods-Announcer.release.xcconfig"; sourceTree = "<group>"; };
		A432EC983826F26531689284 /* Pods_Announcer.framework */ = {isa = PBXFileReference; explicitFileType = wrapper.framework; includeInIndex = 0; path = Pods_Announcer.framework; sourceTree = BUILT_PRODUCTS_DIR; };
/* End PBXFileReference section */

/* Begin PBXFrameworksBuildPhase section */
		32D9952F238C068D00208D25 /* Frameworks */ = {
			isa = PBXFrameworksBuildPhase;
			buildActionMask = 2147483647;
			files = (
				324576F7238D8DF200730F17 /* SwiftyJSON in Frameworks */,
				309A4BCD09D7A7F4229BCF8D /* Pods_Announcer.framework in Frameworks */,
			);
			runOnlyForDeploymentPostprocessing = 0;
		};
/* End PBXFrameworksBuildPhase section */

/* Begin PBXGroup section */
		32D99529238C068D00208D25 = {
			isa = PBXGroup;
			children = (
				32D99534238C068D00208D25 /* Announcer */,
				32D99533238C068D00208D25 /* Products */,
				F60E238002C508C5CE0166E8 /* Pods */,
				42973C795BCD46476455AF53 /* Frameworks */,
			);
			sourceTree = "<group>";
		};
		32D99533238C068D00208D25 /* Products */ = {
			isa = PBXGroup;
			children = (
				32D99532238C068D00208D25 /* SST Announcer.app */,
			);
			name = Products;
			sourceTree = "<group>";
		};
		32D99534238C068D00208D25 /* Announcer */ = {
			isa = PBXGroup;
			children = (
				32D99535238C068D00208D25 /* AppDelegate.swift */,
				32D99537238C068D00208D25 /* SceneDelegate.swift */,
				32D99549238C087500208D25 /* GoogleService-Info.plist */,
				32D9953B238C068D00208D25 /* Main.storyboard */,
				324576FC238E0FB300730F17 /* ContentViewController.swift */,
				324576F8238D8E0E00730F17 /* Globals.swift */,
				32D9954D238D87D200208D25 /* AnnouncementTableViewCell.swift */,
				32D9954B238D865600208D25 /* AnnouncementsTableViewController.swift */,
				324576FA238E063500730F17 /* AnnouncementTableView.swift */,
				32D9953E238C068F00208D25 /* Assets.xcassets */,
				32D99540238C068F00208D25 /* LaunchScreen.storyboard */,
				32D99543238C068F00208D25 /* Info.plist */,
			);
			path = Announcer;
			sourceTree = "<group>";
		};
		42973C795BCD46476455AF53 /* Frameworks */ = {
			isa = PBXGroup;
			children = (
				A432EC983826F26531689284 /* Pods_Announcer.framework */,
			);
			name = Frameworks;
			sourceTree = "<group>";
		};
		F60E238002C508C5CE0166E8 /* Pods */ = {
			isa = PBXGroup;
			children = (
				16906328AAE7B1CA93C97E2A /* Pods-Announcer.debug.xcconfig */,
				827D72A5D23028414F2EC68E /* Pods-Announcer.release.xcconfig */,
			);
			path = Pods;
			sourceTree = "<group>";
		};
/* End PBXGroup section */

/* Begin PBXNativeTarget section */
		32D99531238C068D00208D25 /* Announcer */ = {
			isa = PBXNativeTarget;
			buildConfigurationList = 32D99546238C068F00208D25 /* Build configuration list for PBXNativeTarget "Announcer" */;
			buildPhases = (
				3E813E45DC2232900F64020A /* [CP] Check Pods Manifest.lock */,
				32D9952E238C068D00208D25 /* Sources */,
				32D9952F238C068D00208D25 /* Frameworks */,
				32D99530238C068D00208D25 /* Resources */,
				9840BA9744C53D0688B5D811 /* [CP] Embed Pods Frameworks */,
			);
			buildRules = (
			);
			dependencies = (
			);
			name = Announcer;
			packageProductDependencies = (
				324576F6238D8DF200730F17 /* SwiftyJSON */,
			);
			productName = Announcer;
			productReference = 32D99532238C068D00208D25 /* SST Announcer.app */;
			productType = "com.apple.product-type.application";
		};
/* End PBXNativeTarget section */

/* Begin PBXProject section */
		32D9952A238C068D00208D25 /* Project object */ = {
			isa = PBXProject;
			attributes = {
				LastSwiftUpdateCheck = 1130;
				LastUpgradeCheck = 1130;
				ORGANIZATIONNAME = "SST Inc.";
				TargetAttributes = {
					32D99531238C068D00208D25 = {
						CreatedOnToolsVersion = 11.3;
					};
				};
			};
			buildConfigurationList = 32D9952D238C068D00208D25 /* Build configuration list for PBXProject "Announcer" */;
			compatibilityVersion = "Xcode 9.3";
			developmentRegion = en;
			hasScannedForEncodings = 0;
			knownRegions = (
				en,
				Base,
			);
			mainGroup = 32D99529238C068D00208D25;
			packageReferences = (
				324576F5238D8DF200730F17 /* XCRemoteSwiftPackageReference "SwiftyJSON" */,
			);
			productRefGroup = 32D99533238C068D00208D25 /* Products */;
			projectDirPath = "";
			projectRoot = "";
			targets = (
				32D99531238C068D00208D25 /* Announcer */,
			);
		};
/* End PBXProject section */

/* Begin PBXResourcesBuildPhase section */
		32D99530238C068D00208D25 /* Resources */ = {
			isa = PBXResourcesBuildPhase;
			buildActionMask = 2147483647;
			files = (
				32D99542238C068F00208D25 /* LaunchScreen.storyboard in Resources */,
				32D9954A238C087500208D25 /* GoogleService-Info.plist in Resources */,
				32D9953F238C068F00208D25 /* Assets.xcassets in Resources */,
				32D9953D238C068D00208D25 /* Main.storyboard in Resources */,
			);
			runOnlyForDeploymentPostprocessing = 0;
		};
/* End PBXResourcesBuildPhase section */

/* Begin PBXShellScriptBuildPhase section */
		3E813E45DC2232900F64020A /* [CP] Check Pods Manifest.lock */ = {
			isa = PBXShellScriptBuildPhase;
			buildActionMask = 2147483647;
			files = (
			);
			inputFileListPaths = (
			);
			inputPaths = (
				"${PODS_PODFILE_DIR_PATH}/Podfile.lock",
				"${PODS_ROOT}/Manifest.lock",
			);
			name = "[CP] Check Pods Manifest.lock";
			outputFileListPaths = (
			);
			outputPaths = (
				"$(DERIVED_FILE_DIR)/Pods-Announcer-checkManifestLockResult.txt",
			);
			runOnlyForDeploymentPostprocessing = 0;
			shellPath = /bin/sh;
			shellScript = "diff \"${PODS_PODFILE_DIR_PATH}/Podfile.lock\" \"${PODS_ROOT}/Manifest.lock\" > /dev/null\nif [ $? != 0 ] ; then\n    # print error to STDERR\n    echo \"error: The sandbox is not in sync with the Podfile.lock. Run 'pod install' or update your CocoaPods installation.\" >&2\n    exit 1\nfi\n# This output is used by Xcode 'outputs' to avoid re-running this script phase.\necho \"SUCCESS\" > \"${SCRIPT_OUTPUT_FILE_0}\"\n";
			showEnvVarsInLog = 0;
		};
		9840BA9744C53D0688B5D811 /* [CP] Embed Pods Frameworks */ = {
			isa = PBXShellScriptBuildPhase;
			buildActionMask = 2147483647;
			files = (
			);
			inputFileListPaths = (
				"${PODS_ROOT}/Target Support Files/Pods-Announcer/Pods-Announcer-frameworks-${CONFIGURATION}-input-files.xcfilelist",
			);
			name = "[CP] Embed Pods Frameworks";
			outputFileListPaths = (
				"${PODS_ROOT}/Target Support Files/Pods-Announcer/Pods-Announcer-frameworks-${CONFIGURATION}-output-files.xcfilelist",
			);
			runOnlyForDeploymentPostprocessing = 0;
			shellPath = /bin/sh;
			shellScript = "\"${PODS_ROOT}/Target Support Files/Pods-Announcer/Pods-Announcer-frameworks.sh\"\n";
			showEnvVarsInLog = 0;
		};
/* End PBXShellScriptBuildPhase section */

/* Begin PBXSourcesBuildPhase section */
		32D9952E238C068D00208D25 /* Sources */ = {
			isa = PBXSourcesBuildPhase;
			buildActionMask = 2147483647;
			files = (
				32D9954E238D87D200208D25 /* AnnouncementTableViewCell.swift in Sources */,
				324576F9238D8E0E00730F17 /* Globals.swift in Sources */,
				324576FB238E063500730F17 /* AnnouncementTableView.swift in Sources */,
				32D9954C238D865600208D25 /* AnnouncementsTableViewController.swift in Sources */,
				32D99536238C068D00208D25 /* AppDelegate.swift in Sources */,
				32D99538238C068D00208D25 /* SceneDelegate.swift in Sources */,
				324576FD238E0FB300730F17 /* ContentViewController.swift in Sources */,
			);
			runOnlyForDeploymentPostprocessing = 0;
		};
/* End PBXSourcesBuildPhase section */

/* Begin PBXVariantGroup section */
		32D9953B238C068D00208D25 /* Main.storyboard */ = {
			isa = PBXVariantGroup;
			children = (
				32D9953C238C068D00208D25 /* Base */,
			);
			name = Main.storyboard;
			sourceTree = "<group>";
		};
		32D99540238C068F00208D25 /* LaunchScreen.storyboard */ = {
			isa = PBXVariantGroup;
			children = (
				32D99541238C068F00208D25 /* Base */,
			);
			name = LaunchScreen.storyboard;
			sourceTree = "<group>";
		};
/* End PBXVariantGroup section */

/* Begin XCBuildConfiguration section */
		32D99544238C068F00208D25 /* Debug */ = {
			isa = XCBuildConfiguration;
			buildSettings = {
				ALWAYS_SEARCH_USER_PATHS = NO;
				CLANG_ANALYZER_NONNULL = YES;
				CLANG_ANALYZER_NUMBER_OBJECT_CONVERSION = YES_AGGRESSIVE;
				CLANG_CXX_LANGUAGE_STANDARD = "gnu++14";
				CLANG_CXX_LIBRARY = "libc++";
				CLANG_ENABLE_MODULES = YES;
				CLANG_ENABLE_OBJC_ARC = YES;
				CLANG_ENABLE_OBJC_WEAK = YES;
				CLANG_WARN_BLOCK_CAPTURE_AUTORELEASING = YES;
				CLANG_WARN_BOOL_CONVERSION = YES;
				CLANG_WARN_COMMA = YES;
				CLANG_WARN_CONSTANT_CONVERSION = YES;
				CLANG_WARN_DEPRECATED_OBJC_IMPLEMENTATIONS = YES;
				CLANG_WARN_DIRECT_OBJC_ISA_USAGE = YES_ERROR;
				CLANG_WARN_DOCUMENTATION_COMMENTS = YES;
				CLANG_WARN_EMPTY_BODY = YES;
				CLANG_WARN_ENUM_CONVERSION = YES;
				CLANG_WARN_INFINITE_RECURSION = YES;
				CLANG_WARN_INT_CONVERSION = YES;
				CLANG_WARN_NON_LITERAL_NULL_CONVERSION = YES;
				CLANG_WARN_OBJC_IMPLICIT_RETAIN_SELF = YES;
				CLANG_WARN_OBJC_LITERAL_CONVERSION = YES;
				CLANG_WARN_OBJC_ROOT_CLASS = YES_ERROR;
				CLANG_WARN_RANGE_LOOP_ANALYSIS = YES;
				CLANG_WARN_STRICT_PROTOTYPES = YES;
				CLANG_WARN_SUSPICIOUS_MOVE = YES;
				CLANG_WARN_UNGUARDED_AVAILABILITY = YES_AGGRESSIVE;
				CLANG_WARN_UNREACHABLE_CODE = YES;
				CLANG_WARN__DUPLICATE_METHOD_MATCH = YES;
				COPY_PHASE_STRIP = NO;
				DEBUG_INFORMATION_FORMAT = dwarf;
				ENABLE_STRICT_OBJC_MSGSEND = YES;
				ENABLE_TESTABILITY = YES;
				GCC_C_LANGUAGE_STANDARD = gnu11;
				GCC_DYNAMIC_NO_PIC = NO;
				GCC_NO_COMMON_BLOCKS = YES;
				GCC_OPTIMIZATION_LEVEL = 0;
				GCC_PREPROCESSOR_DEFINITIONS = (
					"DEBUG=1",
					"$(inherited)",
				);
				GCC_WARN_64_TO_32_BIT_CONVERSION = YES;
				GCC_WARN_ABOUT_RETURN_TYPE = YES_ERROR;
				GCC_WARN_UNDECLARED_SELECTOR = YES;
				GCC_WARN_UNINITIALIZED_AUTOS = YES_AGGRESSIVE;
				GCC_WARN_UNUSED_FUNCTION = YES;
				GCC_WARN_UNUSED_VARIABLE = YES;
				IPHONEOS_DEPLOYMENT_TARGET = 13.2;
				MTL_ENABLE_DEBUG_INFO = INCLUDE_SOURCE;
				MTL_FAST_MATH = YES;
				ONLY_ACTIVE_ARCH = YES;
				SDKROOT = iphoneos;
				SWIFT_ACTIVE_COMPILATION_CONDITIONS = DEBUG;
				SWIFT_OPTIMIZATION_LEVEL = "-Onone";
			};
			name = Debug;
		};
		32D99545238C068F00208D25 /* Release */ = {
			isa = XCBuildConfiguration;
			buildSettings = {
				ALWAYS_SEARCH_USER_PATHS = NO;
				CLANG_ANALYZER_NONNULL = YES;
				CLANG_ANALYZER_NUMBER_OBJECT_CONVERSION = YES_AGGRESSIVE;
				CLANG_CXX_LANGUAGE_STANDARD = "gnu++14";
				CLANG_CXX_LIBRARY = "libc++";
				CLANG_ENABLE_MODULES = YES;
				CLANG_ENABLE_OBJC_ARC = YES;
				CLANG_ENABLE_OBJC_WEAK = YES;
				CLANG_WARN_BLOCK_CAPTURE_AUTORELEASING = YES;
				CLANG_WARN_BOOL_CONVERSION = YES;
				CLANG_WARN_COMMA = YES;
				CLANG_WARN_CONSTANT_CONVERSION = YES;
				CLANG_WARN_DEPRECATED_OBJC_IMPLEMENTATIONS = YES;
				CLANG_WARN_DIRECT_OBJC_ISA_USAGE = YES_ERROR;
				CLANG_WARN_DOCUMENTATION_COMMENTS = YES;
				CLANG_WARN_EMPTY_BODY = YES;
				CLANG_WARN_ENUM_CONVERSION = YES;
				CLANG_WARN_INFINITE_RECURSION = YES;
				CLANG_WARN_INT_CONVERSION = YES;
				CLANG_WARN_NON_LITERAL_NULL_CONVERSION = YES;
				CLANG_WARN_OBJC_IMPLICIT_RETAIN_SELF = YES;
				CLANG_WARN_OBJC_LITERAL_CONVERSION = YES;
				CLANG_WARN_OBJC_ROOT_CLASS = YES_ERROR;
				CLANG_WARN_RANGE_LOOP_ANALYSIS = YES;
				CLANG_WARN_STRICT_PROTOTYPES = YES;
				CLANG_WARN_SUSPICIOUS_MOVE = YES;
				CLANG_WARN_UNGUARDED_AVAILABILITY = YES_AGGRESSIVE;
				CLANG_WARN_UNREACHABLE_CODE = YES;
				CLANG_WARN__DUPLICATE_METHOD_MATCH = YES;
				COPY_PHASE_STRIP = NO;
				DEBUG_INFORMATION_FORMAT = "dwarf-with-dsym";
				ENABLE_NS_ASSERTIONS = NO;
				ENABLE_STRICT_OBJC_MSGSEND = YES;
				GCC_C_LANGUAGE_STANDARD = gnu11;
				GCC_NO_COMMON_BLOCKS = YES;
				GCC_WARN_64_TO_32_BIT_CONVERSION = YES;
				GCC_WARN_ABOUT_RETURN_TYPE = YES_ERROR;
				GCC_WARN_UNDECLARED_SELECTOR = YES;
				GCC_WARN_UNINITIALIZED_AUTOS = YES_AGGRESSIVE;
				GCC_WARN_UNUSED_FUNCTION = YES;
				GCC_WARN_UNUSED_VARIABLE = YES;
				IPHONEOS_DEPLOYMENT_TARGET = 13.2;
				MTL_ENABLE_DEBUG_INFO = NO;
				MTL_FAST_MATH = YES;
				SDKROOT = iphoneos;
				SWIFT_COMPILATION_MODE = wholemodule;
				SWIFT_OPTIMIZATION_LEVEL = "-O";
				VALIDATE_PRODUCT = YES;
			};
			name = Release;
		};
		32D99547238C068F00208D25 /* Debug */ = {
			isa = XCBuildConfiguration;
			baseConfigurationReference = 16906328AAE7B1CA93C97E2A /* Pods-Announcer.debug.xcconfig */;
			buildSettings = {
				ASSETCATALOG_COMPILER_APPICON_NAME = AppIcon;
				CODE_SIGN_STYLE = Automatic;
				DEVELOPMENT_TEAM = XL5JK4F896;
				INFOPLIST_FILE = Announcer/Info.plist;
				IPHONEOS_DEPLOYMENT_TARGET = 12.0;
				LD_RUNPATH_SEARCH_PATHS = (
					"$(inherited)",
					"@executable_path/Frameworks",
				);
				PRODUCT_BUNDLE_IDENTIFIER = sg.edu.sst.panziyue.Announcer;
				PRODUCT_NAME = "SST Announcer";
				SWIFT_VERSION = 5.0;
				TARGETED_DEVICE_FAMILY = "1,2";
			};
			name = Debug;
		};
		32D99548238C068F00208D25 /* Release */ = {
			isa = XCBuildConfiguration;
			baseConfigurationReference = 827D72A5D23028414F2EC68E /* Pods-Announcer.release.xcconfig */;
			buildSettings = {
				ASSETCATALOG_COMPILER_APPICON_NAME = AppIcon;
				CODE_SIGN_STYLE = Automatic;
				DEVELOPMENT_TEAM = XL5JK4F896;
				INFOPLIST_FILE = Announcer/Info.plist;
				IPHONEOS_DEPLOYMENT_TARGET = 12.0;
				LD_RUNPATH_SEARCH_PATHS = (
					"$(inherited)",
					"@executable_path/Frameworks",
				);
				PRODUCT_BUNDLE_IDENTIFIER = sg.edu.sst.panziyue.Announcer;
				PRODUCT_NAME = "SST Announcer";
				SWIFT_VERSION = 5.0;
				TARGETED_DEVICE_FAMILY = "1,2";
			};
			name = Release;
		};
/* End XCBuildConfiguration section */

/* Begin XCConfigurationList section */
		32D9952D238C068D00208D25 /* Build configuration list for PBXProject "Announcer" */ = {
			isa = XCConfigurationList;
			buildConfigurations = (
				32D99544238C068F00208D25 /* Debug */,
				32D99545238C068F00208D25 /* Release */,
			);
			defaultConfigurationIsVisible = 0;
			defaultConfigurationName = Release;
		};
		32D99546238C068F00208D25 /* Build configuration list for PBXNativeTarget "Announcer" */ = {
			isa = XCConfigurationList;
			buildConfigurations = (
				32D99547238C068F00208D25 /* Debug */,
				32D99548238C068F00208D25 /* Release */,
			);
			defaultConfigurationIsVisible = 0;
			defaultConfigurationName = Release;
		};
/* End XCConfigurationList section */

/* Begin XCRemoteSwiftPackageReference section */
		324576F5238D8DF200730F17 /* XCRemoteSwiftPackageReference "SwiftyJSON" */ = {
			isa = XCRemoteSwiftPackageReference;
			repositoryURL = "https://github.com/SwiftyJSON/SwiftyJSON.git";
			requirement = {
				kind = upToNextMajorVersion;
				minimumVersion = 5.0.0;
			};
		};
/* End XCRemoteSwiftPackageReference section */

/* Begin XCSwiftPackageProductDependency section */
		324576F6238D8DF200730F17 /* SwiftyJSON */ = {
			isa = XCSwiftPackageProductDependency;
			package = 324576F5238D8DF200730F17 /* XCRemoteSwiftPackageReference "SwiftyJSON" */;
			productName = SwiftyJSON;
		};
/* End XCSwiftPackageProductDependency section */
	};
	rootObject = 32D9952A238C068D00208D25 /* Project object */;
}
