// !$*UTF8*$!
{
	archiveVersion = 1;
	classes = {
	};
	objectVersion = 50;
	objects = {

/* Begin PBXBuildFile section */
		320816BE24534E2100024FD0 /* LinksCollectionViewCell.swift in Sources */ = {isa = PBXBuildFile; fileRef = 320816BD24534E2100024FD0 /* LinksCollectionViewCell.swift */; };
		324576F9238D8E0E00730F17 /* Globals.swift in Sources */ = {isa = PBXBuildFile; fileRef = 324576F8238D8E0E00730F17 /* Globals.swift */; };
		324576FB238E063500730F17 /* AnnouncementTableView.swift in Sources */ = {isa = PBXBuildFile; fileRef = 324576FA238E063500730F17 /* AnnouncementTableView.swift */; };
		324576FD238E0FB300730F17 /* ContentViewController.swift in Sources */ = {isa = PBXBuildFile; fileRef = 324576FC238E0FB300730F17 /* ContentViewController.swift */; };
		32457703238E213B00730F17 /* UIView+Extensions.swift in Sources */ = {isa = PBXBuildFile; fileRef = 324576FF238E213B00730F17 /* UIView+Extensions.swift */; };
		32457704238E213B00730F17 /* KALoader.swift in Sources */ = {isa = PBXBuildFile; fileRef = 32457700238E213B00730F17 /* KALoader.swift */; };
		32457775238E53A100730F17 /* DateSpec.swift in Sources */ = {isa = PBXBuildFile; fileRef = 32457709238E53A100730F17 /* DateSpec.swift */; };
		32457776238E53A100730F17 /* RFC3339DateFormatter.swift in Sources */ = {isa = PBXBuildFile; fileRef = 3245770A238E53A100730F17 /* RFC3339DateFormatter.swift */; };
		32457777238E53A100730F17 /* RFC822DateFormatter.swift in Sources */ = {isa = PBXBuildFile; fileRef = 3245770B238E53A100730F17 /* RFC822DateFormatter.swift */; };
		32457778238E53A100730F17 /* ISO8601DateFormatter.swift in Sources */ = {isa = PBXBuildFile; fileRef = 3245770C238E53A100730F17 /* ISO8601DateFormatter.swift */; };
		32457779238E53A100730F17 /* AtomFeedGenerator.swift in Sources */ = {isa = PBXBuildFile; fileRef = 3245770F238E53A100730F17 /* AtomFeedGenerator.swift */; };
		3245777A238E53A100730F17 /* AtomFeedEntryContent.swift in Sources */ = {isa = PBXBuildFile; fileRef = 32457710238E53A100730F17 /* AtomFeedEntryContent.swift */; };
		3245777B238E53A100730F17 /* AtomFeed.swift in Sources */ = {isa = PBXBuildFile; fileRef = 32457711238E53A100730F17 /* AtomFeed.swift */; };
		3245777C238E53A100730F17 /* AtomFeedEntryContributor.swift in Sources */ = {isa = PBXBuildFile; fileRef = 32457712238E53A100730F17 /* AtomFeedEntryContributor.swift */; };
		3245777D238E53A100730F17 /* AtomFeedEntryCategory.swift in Sources */ = {isa = PBXBuildFile; fileRef = 32457713238E53A100730F17 /* AtomFeedEntryCategory.swift */; };
		3245777E238E53A100730F17 /* AtomFeedContributor.swift in Sources */ = {isa = PBXBuildFile; fileRef = 32457714238E53A100730F17 /* AtomFeedContributor.swift */; };
		3245777F238E53A100730F17 /* AtomFeedCategory.swift in Sources */ = {isa = PBXBuildFile; fileRef = 32457715238E53A100730F17 /* AtomFeedCategory.swift */; };
		32457780238E53A100730F17 /* AtomFeedEntrySummary.swift in Sources */ = {isa = PBXBuildFile; fileRef = 32457716238E53A100730F17 /* AtomFeedEntrySummary.swift */; };
		32457781238E53A100730F17 /* AtomPath.swift in Sources */ = {isa = PBXBuildFile; fileRef = 32457717238E53A100730F17 /* AtomPath.swift */; };
		32457782238E53A100730F17 /* AtomFeedAuthor.swift in Sources */ = {isa = PBXBuildFile; fileRef = 32457718238E53A100730F17 /* AtomFeedAuthor.swift */; };
		32457783238E53A100730F17 /* AtomFeed + mapCharacters.swift in Sources */ = {isa = PBXBuildFile; fileRef = 32457719238E53A100730F17 /* AtomFeed + mapCharacters.swift */; };
		32457784238E53A100730F17 /* AtomFeedEntrySource.swift in Sources */ = {isa = PBXBuildFile; fileRef = 3245771A238E53A100730F17 /* AtomFeedEntrySource.swift */; };
		32457785238E53A100730F17 /* AtomFeedLink.swift in Sources */ = {isa = PBXBuildFile; fileRef = 3245771B238E53A100730F17 /* AtomFeedLink.swift */; };
		32457786238E53A100730F17 /* AtomFeedEntryAuthor.swift in Sources */ = {isa = PBXBuildFile; fileRef = 3245771C238E53A100730F17 /* AtomFeedEntryAuthor.swift */; };
		32457787238E53A100730F17 /* AtomFeedEntryLink.swift in Sources */ = {isa = PBXBuildFile; fileRef = 3245771D238E53A100730F17 /* AtomFeedEntryLink.swift */; };
		32457788238E53A100730F17 /* AtomFeed + mapAttributes.swift in Sources */ = {isa = PBXBuildFile; fileRef = 3245771E238E53A100730F17 /* AtomFeed + mapAttributes.swift */; };
		32457789238E53A100730F17 /* AtomFeedSubtitle.swift in Sources */ = {isa = PBXBuildFile; fileRef = 3245771F238E53A100730F17 /* AtomFeedSubtitle.swift */; };
		3245778A238E53A100730F17 /* AtomFeedEntry.swift in Sources */ = {isa = PBXBuildFile; fileRef = 32457720238E53A100730F17 /* AtomFeedEntry.swift */; };
		3245778B238E53A100730F17 /* RSSFeed + mapCharacters.swift in Sources */ = {isa = PBXBuildFile; fileRef = 32457722238E53A100730F17 /* RSSFeed + mapCharacters.swift */; };
		3245778C238E53A100730F17 /* RSSFeedCategory.swift in Sources */ = {isa = PBXBuildFile; fileRef = 32457723238E53A100730F17 /* RSSFeedCategory.swift */; };
		3245778D238E53A100730F17 /* RDFPath.swift in Sources */ = {isa = PBXBuildFile; fileRef = 32457724238E53A100730F17 /* RDFPath.swift */; };
		3245778E238E53A100730F17 /* RSSFeedItem.swift in Sources */ = {isa = PBXBuildFile; fileRef = 32457725238E53A100730F17 /* RSSFeedItem.swift */; };
		3245778F238E53A100730F17 /* RSSFeed + mapAttributes.swift in Sources */ = {isa = PBXBuildFile; fileRef = 32457726238E53A100730F17 /* RSSFeed + mapAttributes.swift */; };
		32457790238E53A100730F17 /* RSSFeedImage.swift in Sources */ = {isa = PBXBuildFile; fileRef = 32457727238E53A100730F17 /* RSSFeedImage.swift */; };
		32457791238E53A100730F17 /* RSSFeedSkipDay.swift in Sources */ = {isa = PBXBuildFile; fileRef = 32457728238E53A100730F17 /* RSSFeedSkipDay.swift */; };
		32457792238E53A100730F17 /* RSSFeedItemGUID.swift in Sources */ = {isa = PBXBuildFile; fileRef = 32457729238E53A100730F17 /* RSSFeedItemGUID.swift */; };
		32457793238E53A100730F17 /* RSSFeedSkipHour.swift in Sources */ = {isa = PBXBuildFile; fileRef = 3245772A238E53A100730F17 /* RSSFeedSkipHour.swift */; };
		32457794238E53A100730F17 /* RSSFeedCloud.swift in Sources */ = {isa = PBXBuildFile; fileRef = 3245772B238E53A100730F17 /* RSSFeedCloud.swift */; };
		32457795238E53A100730F17 /* RSSFeedItemCategory.swift in Sources */ = {isa = PBXBuildFile; fileRef = 3245772C238E53A100730F17 /* RSSFeedItemCategory.swift */; };
		32457796238E53A100730F17 /* RSSPath.swift in Sources */ = {isa = PBXBuildFile; fileRef = 3245772D238E53A100730F17 /* RSSPath.swift */; };
		32457797238E53A100730F17 /* RSSFeedTextInput.swift in Sources */ = {isa = PBXBuildFile; fileRef = 3245772E238E53A100730F17 /* RSSFeedTextInput.swift */; };
		32457798238E53A100730F17 /* RSSFeedItemEnclosure.swift in Sources */ = {isa = PBXBuildFile; fileRef = 3245772F238E53A100730F17 /* RSSFeedItemEnclosure.swift */; };
		32457799238E53A100730F17 /* RSSFeedItemSource.swift in Sources */ = {isa = PBXBuildFile; fileRef = 32457730238E53A100730F17 /* RSSFeedItemSource.swift */; };
		3245779A238E53A100730F17 /* RSSFeed.swift in Sources */ = {isa = PBXBuildFile; fileRef = 32457731238E53A100730F17 /* RSSFeed.swift */; };
		3245779B238E53A100730F17 /* SyndicationUpdatePeriod.swift in Sources */ = {isa = PBXBuildFile; fileRef = 32457734238E53A100730F17 /* SyndicationUpdatePeriod.swift */; };
		3245779C238E53A100730F17 /* SyndicationNamespace.swift in Sources */ = {isa = PBXBuildFile; fileRef = 32457735238E53A100730F17 /* SyndicationNamespace.swift */; };
		3245779D238E53A100730F17 /* iTunesCategory.swift in Sources */ = {isa = PBXBuildFile; fileRef = 32457737238E53A100730F17 /* iTunesCategory.swift */; };
		3245779E238E53A100730F17 /* iTunesImage.swift in Sources */ = {isa = PBXBuildFile; fileRef = 32457738238E53A100730F17 /* iTunesImage.swift */; };
		3245779F238E53A100730F17 /* iTunesNamespace.swift in Sources */ = {isa = PBXBuildFile; fileRef = 32457739238E53A100730F17 /* iTunesNamespace.swift */; };
		324577A0238E53A100730F17 /* iTunesSubCategory.swift in Sources */ = {isa = PBXBuildFile; fileRef = 3245773A238E53A100730F17 /* iTunesSubCategory.swift */; };
		324577A1238E53A100730F17 /* iTunesOwner.swift in Sources */ = {isa = PBXBuildFile; fileRef = 3245773B238E53A100730F17 /* iTunesOwner.swift */; };
		324577A2238E53A100730F17 /* ContentNamespace.swift in Sources */ = {isa = PBXBuildFile; fileRef = 3245773D238E53A100730F17 /* ContentNamespace.swift */; };
		324577A3238E53A100730F17 /* DublinCoreNamespace.swift in Sources */ = {isa = PBXBuildFile; fileRef = 3245773F238E53A100730F17 /* DublinCoreNamespace.swift */; };
		324577A4238E53A100730F17 /* MediaLicence.swift in Sources */ = {isa = PBXBuildFile; fileRef = 32457741238E53A100730F17 /* MediaLicence.swift */; };
		324577A5238E53A100730F17 /* MediaCredit.swift in Sources */ = {isa = PBXBuildFile; fileRef = 32457742238E53A100730F17 /* MediaCredit.swift */; };
		324577A6238E53A100730F17 /* MediaHash.swift in Sources */ = {isa = PBXBuildFile; fileRef = 32457743238E53A100730F17 /* MediaHash.swift */; };
		324577A7238E53A100730F17 /* MediaTitle.swift in Sources */ = {isa = PBXBuildFile; fileRef = 32457744238E53A100730F17 /* MediaTitle.swift */; };
		324577A8238E53A100730F17 /* MediaNamespace.swift in Sources */ = {isa = PBXBuildFile; fileRef = 32457745238E53A100730F17 /* MediaNamespace.swift */; };
		324577A9238E53A100730F17 /* MediaRating.swift in Sources */ = {isa = PBXBuildFile; fileRef = 32457746238E53A100730F17 /* MediaRating.swift */; };
		324577AA238E53A100730F17 /* MediaRights.swift in Sources */ = {isa = PBXBuildFile; fileRef = 32457747238E53A100730F17 /* MediaRights.swift */; };
		324577AB238E53A100730F17 /* MediaContent.swift in Sources */ = {isa = PBXBuildFile; fileRef = 32457748238E53A100730F17 /* MediaContent.swift */; };
		324577AC238E53A100730F17 /* MediaTag.swift in Sources */ = {isa = PBXBuildFile; fileRef = 32457749238E53A100730F17 /* MediaTag.swift */; };
		324577AD238E53A100730F17 /* MediaSubTitle.swift in Sources */ = {isa = PBXBuildFile; fileRef = 3245774A238E53A100730F17 /* MediaSubTitle.swift */; };
		324577AE238E53A100730F17 /* MediaLocation.swift in Sources */ = {isa = PBXBuildFile; fileRef = 3245774B238E53A100730F17 /* MediaLocation.swift */; };
		324577AF238E53A100730F17 /* MediaGroup.swift in Sources */ = {isa = PBXBuildFile; fileRef = 3245774C238E53A100730F17 /* MediaGroup.swift */; };
		324577B0238E53A100730F17 /* MediaCommunity.swift in Sources */ = {isa = PBXBuildFile; fileRef = 3245774D238E53A100730F17 /* MediaCommunity.swift */; };
		324577B1238E53A200730F17 /* MediaPrice.swift in Sources */ = {isa = PBXBuildFile; fileRef = 3245774E238E53A100730F17 /* MediaPrice.swift */; };
		324577B2238E53A200730F17 /* MediaPeerLink.swift in Sources */ = {isa = PBXBuildFile; fileRef = 3245774F238E53A100730F17 /* MediaPeerLink.swift */; };
		324577B3238E53A200730F17 /* MediaCopyright.swift in Sources */ = {isa = PBXBuildFile; fileRef = 32457750238E53A100730F17 /* MediaCopyright.swift */; };
		324577B4238E53A200730F17 /* MediaRestriction.swift in Sources */ = {isa = PBXBuildFile; fileRef = 32457751238E53A100730F17 /* MediaRestriction.swift */; };
		324577B5238E53A200730F17 /* MediaDescription.swift in Sources */ = {isa = PBXBuildFile; fileRef = 32457752238E53A100730F17 /* MediaDescription.swift */; };
		324577B6238E53A200730F17 /* MediaParam.swift in Sources */ = {isa = PBXBuildFile; fileRef = 32457753238E53A100730F17 /* MediaParam.swift */; };
		324577B7238E53A200730F17 /* MediaScene.swift in Sources */ = {isa = PBXBuildFile; fileRef = 32457754238E53A100730F17 /* MediaScene.swift */; };
		324577B8238E53A200730F17 /* MediaStatistics.swift in Sources */ = {isa = PBXBuildFile; fileRef = 32457755238E53A100730F17 /* MediaStatistics.swift */; };
		324577B9238E53A200730F17 /* MediaEmbed.swift in Sources */ = {isa = PBXBuildFile; fileRef = 32457756238E53A100730F17 /* MediaEmbed.swift */; };
		324577BA238E53A200730F17 /* MediaText.swift in Sources */ = {isa = PBXBuildFile; fileRef = 32457757238E53A100730F17 /* MediaText.swift */; };
		324577BB238E53A200730F17 /* MediaCategory.swift in Sources */ = {isa = PBXBuildFile; fileRef = 32457758238E53A100730F17 /* MediaCategory.swift */; };
		324577BC238E53A200730F17 /* MediaStatus.swift in Sources */ = {isa = PBXBuildFile; fileRef = 32457759238E53A100730F17 /* MediaStatus.swift */; };
		324577BD238E53A200730F17 /* MediaStarRating.swift in Sources */ = {isa = PBXBuildFile; fileRef = 3245775A238E53A100730F17 /* MediaStarRating.swift */; };
		324577BE238E53A200730F17 /* MediaThumbnail.swift in Sources */ = {isa = PBXBuildFile; fileRef = 3245775B238E53A100730F17 /* MediaThumbnail.swift */; };
		324577BF238E53A200730F17 /* MediaPlayer.swift in Sources */ = {isa = PBXBuildFile; fileRef = 3245775C238E53A100730F17 /* MediaPlayer.swift */; };
		324577C0238E53A200730F17 /* JSONFeed.swift in Sources */ = {isa = PBXBuildFile; fileRef = 3245775E238E53A100730F17 /* JSONFeed.swift */; };
		324577C1238E53A200730F17 /* JSONFeedAttachment.swift in Sources */ = {isa = PBXBuildFile; fileRef = 3245775F238E53A100730F17 /* JSONFeedAttachment.swift */; };
		324577C2238E53A200730F17 /* JSONFeedHub.swift in Sources */ = {isa = PBXBuildFile; fileRef = 32457760238E53A100730F17 /* JSONFeedHub.swift */; };
		324577C3238E53A200730F17 /* JSONFeedItem.swift in Sources */ = {isa = PBXBuildFile; fileRef = 32457761238E53A100730F17 /* JSONFeedItem.swift */; };
		324577C4238E53A200730F17 /* JSONFeedAuthor.swift in Sources */ = {isa = PBXBuildFile; fileRef = 32457762238E53A100730F17 /* JSONFeedAuthor.swift */; };
		324577C5238E53A200730F17 /* FeedDataType.swift in Sources */ = {isa = PBXBuildFile; fileRef = 32457764238E53A100730F17 /* FeedDataType.swift */; };
		324577C6238E53A200730F17 /* XMLFeedType.swift in Sources */ = {isa = PBXBuildFile; fileRef = 32457765238E53A100730F17 /* XMLFeedType.swift */; };
		324577C7238E53A200730F17 /* ParserError.swift in Sources */ = {isa = PBXBuildFile; fileRef = 32457766238E53A100730F17 /* ParserError.swift */; };
		324577C8238E53A200730F17 /* JSONFeedParser.swift in Sources */ = {isa = PBXBuildFile; fileRef = 32457767238E53A100730F17 /* JSONFeedParser.swift */; };
		324577C9238E53A200730F17 /* FeedParser.swift in Sources */ = {isa = PBXBuildFile; fileRef = 32457768238E53A100730F17 /* FeedParser.swift */; };
		324577CA238E53A200730F17 /* XMLFeedParser.swift in Sources */ = {isa = PBXBuildFile; fileRef = 32457769238E53A100730F17 /* XMLFeedParser.swift */; };
		324577CB238E53A200730F17 /* FeedParserProtocol.swift in Sources */ = {isa = PBXBuildFile; fileRef = 3245776A238E53A100730F17 /* FeedParserProtocol.swift */; };
		324577CC238E53A200730F17 /* Feed.swift in Sources */ = {isa = PBXBuildFile; fileRef = 3245776B238E53A100730F17 /* Feed.swift */; };
		324577CD238E53A200730F17 /* URL + replacingScheme.swift in Sources */ = {isa = PBXBuildFile; fileRef = 3245776D238E53A100730F17 /* URL + replacingScheme.swift */; };
		324577CE238E53A200730F17 /* String + toDuration.swift in Sources */ = {isa = PBXBuildFile; fileRef = 3245776E238E53A100730F17 /* String + toDuration.swift */; };
		324577CF238E53A200730F17 /* Array + Equatable.swift in Sources */ = {isa = PBXBuildFile; fileRef = 3245776F238E53A100730F17 /* Array + Equatable.swift */; };
		324577D0238E53A200730F17 /* Date + codingStrategy.swift in Sources */ = {isa = PBXBuildFile; fileRef = 32457770238E53A100730F17 /* Date + codingStrategy.swift */; };
		324577D1238E53A200730F17 /* String + toDate.swift in Sources */ = {isa = PBXBuildFile; fileRef = 32457771238E53A100730F17 /* String + toDate.swift */; };
		324577D2238E53A200730F17 /* String + toBool.swift in Sources */ = {isa = PBXBuildFile; fileRef = 32457772238E53A100730F17 /* String + toBool.swift */; };
		324577D6238F7F8600730F17 /* AnnouncementSearchBar.swift in Sources */ = {isa = PBXBuildFile; fileRef = 324577D5238F7F8600730F17 /* AnnouncementSearchBar.swift */; };
		324577D8238F8CC100730F17 /* FilterTableViewController.swift in Sources */ = {isa = PBXBuildFile; fileRef = 324577D7238F8CC100730F17 /* FilterTableViewController.swift */; };
		324577DA238FA48300730F17 /* CategoriesCollectionViewCell.swift in Sources */ = {isa = PBXBuildFile; fileRef = 324577D9238FA48300730F17 /* CategoriesCollectionViewCell.swift */; };
		324577DC238FA77000730F17 /* FilterTableViewCell.swift in Sources */ = {isa = PBXBuildFile; fileRef = 324577DB238FA77000730F17 /* FilterTableViewCell.swift */; };
		326210EC2452061900629CC7 /* UIView Extension.swift in Sources */ = {isa = PBXBuildFile; fileRef = 326210EB2452061900629CC7 /* UIView Extension.swift */; };
		329E3B1D23F979CC00524901 /* Settings.bundle in Resources */ = {isa = PBXBuildFile; fileRef = 329E3B1C23F979CC00524901 /* Settings.bundle */; };
		329E3B1F23FEA47500524901 /* ReadAnnouncements.swift in Sources */ = {isa = PBXBuildFile; fileRef = 329E3B1E23FEA47400524901 /* ReadAnnouncements.swift */; };
		32C2531F244EA5D40015085A /* UIColor Extension.swift in Sources */ = {isa = PBXBuildFile; fileRef = 32C2531E244EA5D40015085A /* UIColor Extension.swift */; };
		32C25321244EA6030015085A /* UISearchBar Extension.swift in Sources */ = {isa = PBXBuildFile; fileRef = 32C25320244EA6030015085A /* UISearchBar Extension.swift */; };
		32C25323244EA6200015085A /* UITextField Extension.swift in Sources */ = {isa = PBXBuildFile; fileRef = 32C25322244EA6200015085A /* UITextField Extension.swift */; };
		32C25325244EA63C0015085A /* Array Extension.swift in Sources */ = {isa = PBXBuildFile; fileRef = 32C25324244EA63C0015085A /* Array Extension.swift */; };
		32C25327244EA6D70015085A /* String Extension.swift in Sources */ = {isa = PBXBuildFile; fileRef = 32C25326244EA6D70015085A /* String Extension.swift */; };
		32C2532B244EA8390015085A /* ContentCollectionView.swift in Sources */ = {isa = PBXBuildFile; fileRef = 32C2532A244EA8390015085A /* ContentCollectionView.swift */; };
		32C2532D244EA8D00015085A /* ContentTextView.swift in Sources */ = {isa = PBXBuildFile; fileRef = 32C2532C244EA8D00015085A /* ContentTextView.swift */; };
		32C4059924534617006CA49E /* Content.storyboard in Resources */ = {isa = PBXBuildFile; fileRef = 32C4059824534617006CA49E /* Content.storyboard */; };
		32C65274239017E500C698F2 /* PinnedAnnouncements.swift in Sources */ = {isa = PBXBuildFile; fileRef = 32C65273239017E500C698F2 /* PinnedAnnouncements.swift */; };
		32D7070524783054003DC98C /* README.md in Resources */ = {isa = PBXBuildFile; fileRef = 32D7070424783053003DC98C /* README.md */; };
		32D7070C247A894E003DC98C /* Filter.storyboard in Resources */ = {isa = PBXBuildFile; fileRef = 32D7070B247A894E003DC98C /* Filter.storyboard */; };
		32D99536238C068D00208D25 /* AppDelegate.swift in Sources */ = {isa = PBXBuildFile; fileRef = 32D99535238C068D00208D25 /* AppDelegate.swift */; };
		32D99538238C068D00208D25 /* SceneDelegate.swift in Sources */ = {isa = PBXBuildFile; fileRef = 32D99537238C068D00208D25 /* SceneDelegate.swift */; };
		32D9953D238C068D00208D25 /* Main.storyboard in Resources */ = {isa = PBXBuildFile; fileRef = 32D9953B238C068D00208D25 /* Main.storyboard */; };
		32D9953F238C068F00208D25 /* Assets.xcassets in Resources */ = {isa = PBXBuildFile; fileRef = 32D9953E238C068F00208D25 /* Assets.xcassets */; };
		32D99542238C068F00208D25 /* LaunchScreen.storyboard in Resources */ = {isa = PBXBuildFile; fileRef = 32D99540238C068F00208D25 /* LaunchScreen.storyboard */; };
		32D9954C238D865600208D25 /* AnnouncementsViewController.swift in Sources */ = {isa = PBXBuildFile; fileRef = 32D9954B238D865600208D25 /* AnnouncementsViewController.swift */; };
		32D9954E238D87D200208D25 /* AnnouncementTableViewCell.swift in Sources */ = {isa = PBXBuildFile; fileRef = 32D9954D238D87D200208D25 /* AnnouncementTableViewCell.swift */; };
		32E9B4D923A3D86F000F769F /* AnnouncementPreviewing.swift in Sources */ = {isa = PBXBuildFile; fileRef = 32E9B4D823A3D86F000F769F /* AnnouncementPreviewing.swift */; };
/* End PBXBuildFile section */

/* Begin PBXCopyFilesBuildPhase section */
		32E9B4E623A53F40000F769F /* Embed App Extensions */ = {
			isa = PBXCopyFilesBuildPhase;
			buildActionMask = 2147483647;
			dstPath = "";
			dstSubfolderSpec = 13;
			files = (
			);
			name = "Embed App Extensions";
			runOnlyForDeploymentPostprocessing = 0;
		};
/* End PBXCopyFilesBuildPhase section */

/* Begin PBXFileReference section */
		320816BD24534E2100024FD0 /* LinksCollectionViewCell.swift */ = {isa = PBXFileReference; lastKnownFileType = sourcecode.swift; path = LinksCollectionViewCell.swift; sourceTree = "<group>"; };
		321CA6A7244A19420062E209 /* NotificationCenter.framework */ = {isa = PBXFileReference; lastKnownFileType = wrapper.framework; name = NotificationCenter.framework; path = System/Library/Frameworks/NotificationCenter.framework; sourceTree = SDKROOT; };
		324576F8238D8E0E00730F17 /* Globals.swift */ = {isa = PBXFileReference; lastKnownFileType = sourcecode.swift; path = Globals.swift; sourceTree = "<group>"; };
		324576FA238E063500730F17 /* AnnouncementTableView.swift */ = {isa = PBXFileReference; lastKnownFileType = sourcecode.swift; path = AnnouncementTableView.swift; sourceTree = "<group>"; };
		324576FC238E0FB300730F17 /* ContentViewController.swift */ = {isa = PBXFileReference; lastKnownFileType = sourcecode.swift; path = ContentViewController.swift; sourceTree = "<group>"; };
		324576FF238E213B00730F17 /* UIView+Extensions.swift */ = {isa = PBXFileReference; fileEncoding = 4; lastKnownFileType = sourcecode.swift; path = "UIView+Extensions.swift"; sourceTree = "<group>"; };
		32457700238E213B00730F17 /* KALoader.swift */ = {isa = PBXFileReference; fileEncoding = 4; lastKnownFileType = sourcecode.swift; path = KALoader.swift; sourceTree = "<group>"; };
		32457701238E213B00730F17 /* KALoader.h */ = {isa = PBXFileReference; fileEncoding = 4; lastKnownFileType = sourcecode.c.h; path = KALoader.h; sourceTree = "<group>"; };
		32457709238E53A100730F17 /* DateSpec.swift */ = {isa = PBXFileReference; fileEncoding = 4; lastKnownFileType = sourcecode.swift; path = DateSpec.swift; sourceTree = "<group>"; };
		3245770A238E53A100730F17 /* RFC3339DateFormatter.swift */ = {isa = PBXFileReference; fileEncoding = 4; lastKnownFileType = sourcecode.swift; path = RFC3339DateFormatter.swift; sourceTree = "<group>"; };
		3245770B238E53A100730F17 /* RFC822DateFormatter.swift */ = {isa = PBXFileReference; fileEncoding = 4; lastKnownFileType = sourcecode.swift; path = RFC822DateFormatter.swift; sourceTree = "<group>"; };
		3245770C238E53A100730F17 /* ISO8601DateFormatter.swift */ = {isa = PBXFileReference; fileEncoding = 4; lastKnownFileType = sourcecode.swift; path = ISO8601DateFormatter.swift; sourceTree = "<group>"; };
		3245770F238E53A100730F17 /* AtomFeedGenerator.swift */ = {isa = PBXFileReference; fileEncoding = 4; lastKnownFileType = sourcecode.swift; path = AtomFeedGenerator.swift; sourceTree = "<group>"; };
		32457710238E53A100730F17 /* AtomFeedEntryContent.swift */ = {isa = PBXFileReference; fileEncoding = 4; lastKnownFileType = sourcecode.swift; path = AtomFeedEntryContent.swift; sourceTree = "<group>"; };
		32457711238E53A100730F17 /* AtomFeed.swift */ = {isa = PBXFileReference; fileEncoding = 4; lastKnownFileType = sourcecode.swift; path = AtomFeed.swift; sourceTree = "<group>"; };
		32457712238E53A100730F17 /* AtomFeedEntryContributor.swift */ = {isa = PBXFileReference; fileEncoding = 4; lastKnownFileType = sourcecode.swift; path = AtomFeedEntryContributor.swift; sourceTree = "<group>"; };
		32457713238E53A100730F17 /* AtomFeedEntryCategory.swift */ = {isa = PBXFileReference; fileEncoding = 4; lastKnownFileType = sourcecode.swift; path = AtomFeedEntryCategory.swift; sourceTree = "<group>"; };
		32457714238E53A100730F17 /* AtomFeedContributor.swift */ = {isa = PBXFileReference; fileEncoding = 4; lastKnownFileType = sourcecode.swift; path = AtomFeedContributor.swift; sourceTree = "<group>"; };
		32457715238E53A100730F17 /* AtomFeedCategory.swift */ = {isa = PBXFileReference; fileEncoding = 4; lastKnownFileType = sourcecode.swift; path = AtomFeedCategory.swift; sourceTree = "<group>"; };
		32457716238E53A100730F17 /* AtomFeedEntrySummary.swift */ = {isa = PBXFileReference; fileEncoding = 4; lastKnownFileType = sourcecode.swift; path = AtomFeedEntrySummary.swift; sourceTree = "<group>"; };
		32457717238E53A100730F17 /* AtomPath.swift */ = {isa = PBXFileReference; fileEncoding = 4; lastKnownFileType = sourcecode.swift; path = AtomPath.swift; sourceTree = "<group>"; };
		32457718238E53A100730F17 /* AtomFeedAuthor.swift */ = {isa = PBXFileReference; fileEncoding = 4; lastKnownFileType = sourcecode.swift; path = AtomFeedAuthor.swift; sourceTree = "<group>"; };
		32457719238E53A100730F17 /* AtomFeed + mapCharacters.swift */ = {isa = PBXFileReference; fileEncoding = 4; lastKnownFileType = sourcecode.swift; path = "AtomFeed + mapCharacters.swift"; sourceTree = "<group>"; };
		3245771A238E53A100730F17 /* AtomFeedEntrySource.swift */ = {isa = PBXFileReference; fileEncoding = 4; lastKnownFileType = sourcecode.swift; path = AtomFeedEntrySource.swift; sourceTree = "<group>"; };
		3245771B238E53A100730F17 /* AtomFeedLink.swift */ = {isa = PBXFileReference; fileEncoding = 4; lastKnownFileType = sourcecode.swift; path = AtomFeedLink.swift; sourceTree = "<group>"; };
		3245771C238E53A100730F17 /* AtomFeedEntryAuthor.swift */ = {isa = PBXFileReference; fileEncoding = 4; lastKnownFileType = sourcecode.swift; path = AtomFeedEntryAuthor.swift; sourceTree = "<group>"; };
		3245771D238E53A100730F17 /* AtomFeedEntryLink.swift */ = {isa = PBXFileReference; fileEncoding = 4; lastKnownFileType = sourcecode.swift; path = AtomFeedEntryLink.swift; sourceTree = "<group>"; };
		3245771E238E53A100730F17 /* AtomFeed + mapAttributes.swift */ = {isa = PBXFileReference; fileEncoding = 4; lastKnownFileType = sourcecode.swift; path = "AtomFeed + mapAttributes.swift"; sourceTree = "<group>"; };
		3245771F238E53A100730F17 /* AtomFeedSubtitle.swift */ = {isa = PBXFileReference; fileEncoding = 4; lastKnownFileType = sourcecode.swift; path = AtomFeedSubtitle.swift; sourceTree = "<group>"; };
		32457720238E53A100730F17 /* AtomFeedEntry.swift */ = {isa = PBXFileReference; fileEncoding = 4; lastKnownFileType = sourcecode.swift; path = AtomFeedEntry.swift; sourceTree = "<group>"; };
		32457722238E53A100730F17 /* RSSFeed + mapCharacters.swift */ = {isa = PBXFileReference; fileEncoding = 4; lastKnownFileType = sourcecode.swift; path = "RSSFeed + mapCharacters.swift"; sourceTree = "<group>"; };
		32457723238E53A100730F17 /* RSSFeedCategory.swift */ = {isa = PBXFileReference; fileEncoding = 4; lastKnownFileType = sourcecode.swift; path = RSSFeedCategory.swift; sourceTree = "<group>"; };
		32457724238E53A100730F17 /* RDFPath.swift */ = {isa = PBXFileReference; fileEncoding = 4; lastKnownFileType = sourcecode.swift; path = RDFPath.swift; sourceTree = "<group>"; };
		32457725238E53A100730F17 /* RSSFeedItem.swift */ = {isa = PBXFileReference; fileEncoding = 4; lastKnownFileType = sourcecode.swift; path = RSSFeedItem.swift; sourceTree = "<group>"; };
		32457726238E53A100730F17 /* RSSFeed + mapAttributes.swift */ = {isa = PBXFileReference; fileEncoding = 4; lastKnownFileType = sourcecode.swift; path = "RSSFeed + mapAttributes.swift"; sourceTree = "<group>"; };
		32457727238E53A100730F17 /* RSSFeedImage.swift */ = {isa = PBXFileReference; fileEncoding = 4; lastKnownFileType = sourcecode.swift; path = RSSFeedImage.swift; sourceTree = "<group>"; };
		32457728238E53A100730F17 /* RSSFeedSkipDay.swift */ = {isa = PBXFileReference; fileEncoding = 4; lastKnownFileType = sourcecode.swift; path = RSSFeedSkipDay.swift; sourceTree = "<group>"; };
		32457729238E53A100730F17 /* RSSFeedItemGUID.swift */ = {isa = PBXFileReference; fileEncoding = 4; lastKnownFileType = sourcecode.swift; path = RSSFeedItemGUID.swift; sourceTree = "<group>"; };
		3245772A238E53A100730F17 /* RSSFeedSkipHour.swift */ = {isa = PBXFileReference; fileEncoding = 4; lastKnownFileType = sourcecode.swift; path = RSSFeedSkipHour.swift; sourceTree = "<group>"; };
		3245772B238E53A100730F17 /* RSSFeedCloud.swift */ = {isa = PBXFileReference; fileEncoding = 4; lastKnownFileType = sourcecode.swift; path = RSSFeedCloud.swift; sourceTree = "<group>"; };
		3245772C238E53A100730F17 /* RSSFeedItemCategory.swift */ = {isa = PBXFileReference; fileEncoding = 4; lastKnownFileType = sourcecode.swift; path = RSSFeedItemCategory.swift; sourceTree = "<group>"; };
		3245772D238E53A100730F17 /* RSSPath.swift */ = {isa = PBXFileReference; fileEncoding = 4; lastKnownFileType = sourcecode.swift; path = RSSPath.swift; sourceTree = "<group>"; };
		3245772E238E53A100730F17 /* RSSFeedTextInput.swift */ = {isa = PBXFileReference; fileEncoding = 4; lastKnownFileType = sourcecode.swift; path = RSSFeedTextInput.swift; sourceTree = "<group>"; };
		3245772F238E53A100730F17 /* RSSFeedItemEnclosure.swift */ = {isa = PBXFileReference; fileEncoding = 4; lastKnownFileType = sourcecode.swift; path = RSSFeedItemEnclosure.swift; sourceTree = "<group>"; };
		32457730238E53A100730F17 /* RSSFeedItemSource.swift */ = {isa = PBXFileReference; fileEncoding = 4; lastKnownFileType = sourcecode.swift; path = RSSFeedItemSource.swift; sourceTree = "<group>"; };
		32457731238E53A100730F17 /* RSSFeed.swift */ = {isa = PBXFileReference; fileEncoding = 4; lastKnownFileType = sourcecode.swift; path = RSSFeed.swift; sourceTree = "<group>"; };
		32457734238E53A100730F17 /* SyndicationUpdatePeriod.swift */ = {isa = PBXFileReference; fileEncoding = 4; lastKnownFileType = sourcecode.swift; path = SyndicationUpdatePeriod.swift; sourceTree = "<group>"; };
		32457735238E53A100730F17 /* SyndicationNamespace.swift */ = {isa = PBXFileReference; fileEncoding = 4; lastKnownFileType = sourcecode.swift; path = SyndicationNamespace.swift; sourceTree = "<group>"; };
		32457737238E53A100730F17 /* iTunesCategory.swift */ = {isa = PBXFileReference; fileEncoding = 4; lastKnownFileType = sourcecode.swift; path = iTunesCategory.swift; sourceTree = "<group>"; };
		32457738238E53A100730F17 /* iTunesImage.swift */ = {isa = PBXFileReference; fileEncoding = 4; lastKnownFileType = sourcecode.swift; path = iTunesImage.swift; sourceTree = "<group>"; };
		32457739238E53A100730F17 /* iTunesNamespace.swift */ = {isa = PBXFileReference; fileEncoding = 4; lastKnownFileType = sourcecode.swift; path = iTunesNamespace.swift; sourceTree = "<group>"; };
		3245773A238E53A100730F17 /* iTunesSubCategory.swift */ = {isa = PBXFileReference; fileEncoding = 4; lastKnownFileType = sourcecode.swift; path = iTunesSubCategory.swift; sourceTree = "<group>"; };
		3245773B238E53A100730F17 /* iTunesOwner.swift */ = {isa = PBXFileReference; fileEncoding = 4; lastKnownFileType = sourcecode.swift; path = iTunesOwner.swift; sourceTree = "<group>"; };
		3245773D238E53A100730F17 /* ContentNamespace.swift */ = {isa = PBXFileReference; fileEncoding = 4; lastKnownFileType = sourcecode.swift; path = ContentNamespace.swift; sourceTree = "<group>"; };
		3245773F238E53A100730F17 /* DublinCoreNamespace.swift */ = {isa = PBXFileReference; fileEncoding = 4; lastKnownFileType = sourcecode.swift; path = DublinCoreNamespace.swift; sourceTree = "<group>"; };
		32457741238E53A100730F17 /* MediaLicence.swift */ = {isa = PBXFileReference; fileEncoding = 4; lastKnownFileType = sourcecode.swift; path = MediaLicence.swift; sourceTree = "<group>"; };
		32457742238E53A100730F17 /* MediaCredit.swift */ = {isa = PBXFileReference; fileEncoding = 4; lastKnownFileType = sourcecode.swift; path = MediaCredit.swift; sourceTree = "<group>"; };
		32457743238E53A100730F17 /* MediaHash.swift */ = {isa = PBXFileReference; fileEncoding = 4; lastKnownFileType = sourcecode.swift; path = MediaHash.swift; sourceTree = "<group>"; };
		32457744238E53A100730F17 /* MediaTitle.swift */ = {isa = PBXFileReference; fileEncoding = 4; lastKnownFileType = sourcecode.swift; path = MediaTitle.swift; sourceTree = "<group>"; };
		32457745238E53A100730F17 /* MediaNamespace.swift */ = {isa = PBXFileReference; fileEncoding = 4; lastKnownFileType = sourcecode.swift; path = MediaNamespace.swift; sourceTree = "<group>"; };
		32457746238E53A100730F17 /* MediaRating.swift */ = {isa = PBXFileReference; fileEncoding = 4; lastKnownFileType = sourcecode.swift; path = MediaRating.swift; sourceTree = "<group>"; };
		32457747238E53A100730F17 /* MediaRights.swift */ = {isa = PBXFileReference; fileEncoding = 4; lastKnownFileType = sourcecode.swift; path = MediaRights.swift; sourceTree = "<group>"; };
		32457748238E53A100730F17 /* MediaContent.swift */ = {isa = PBXFileReference; fileEncoding = 4; lastKnownFileType = sourcecode.swift; path = MediaContent.swift; sourceTree = "<group>"; };
		32457749238E53A100730F17 /* MediaTag.swift */ = {isa = PBXFileReference; fileEncoding = 4; lastKnownFileType = sourcecode.swift; path = MediaTag.swift; sourceTree = "<group>"; };
		3245774A238E53A100730F17 /* MediaSubTitle.swift */ = {isa = PBXFileReference; fileEncoding = 4; lastKnownFileType = sourcecode.swift; path = MediaSubTitle.swift; sourceTree = "<group>"; };
		3245774B238E53A100730F17 /* MediaLocation.swift */ = {isa = PBXFileReference; fileEncoding = 4; lastKnownFileType = sourcecode.swift; path = MediaLocation.swift; sourceTree = "<group>"; };
		3245774C238E53A100730F17 /* MediaGroup.swift */ = {isa = PBXFileReference; fileEncoding = 4; lastKnownFileType = sourcecode.swift; path = MediaGroup.swift; sourceTree = "<group>"; };
		3245774D238E53A100730F17 /* MediaCommunity.swift */ = {isa = PBXFileReference; fileEncoding = 4; lastKnownFileType = sourcecode.swift; path = MediaCommunity.swift; sourceTree = "<group>"; };
		3245774E238E53A100730F17 /* MediaPrice.swift */ = {isa = PBXFileReference; fileEncoding = 4; lastKnownFileType = sourcecode.swift; path = MediaPrice.swift; sourceTree = "<group>"; };
		3245774F238E53A100730F17 /* MediaPeerLink.swift */ = {isa = PBXFileReference; fileEncoding = 4; lastKnownFileType = sourcecode.swift; path = MediaPeerLink.swift; sourceTree = "<group>"; };
		32457750238E53A100730F17 /* MediaCopyright.swift */ = {isa = PBXFileReference; fileEncoding = 4; lastKnownFileType = sourcecode.swift; path = MediaCopyright.swift; sourceTree = "<group>"; };
		32457751238E53A100730F17 /* MediaRestriction.swift */ = {isa = PBXFileReference; fileEncoding = 4; lastKnownFileType = sourcecode.swift; path = MediaRestriction.swift; sourceTree = "<group>"; };
		32457752238E53A100730F17 /* MediaDescription.swift */ = {isa = PBXFileReference; fileEncoding = 4; lastKnownFileType = sourcecode.swift; path = MediaDescription.swift; sourceTree = "<group>"; };
		32457753238E53A100730F17 /* MediaParam.swift */ = {isa = PBXFileReference; fileEncoding = 4; lastKnownFileType = sourcecode.swift; path = MediaParam.swift; sourceTree = "<group>"; };
		32457754238E53A100730F17 /* MediaScene.swift */ = {isa = PBXFileReference; fileEncoding = 4; lastKnownFileType = sourcecode.swift; path = MediaScene.swift; sourceTree = "<group>"; };
		32457755238E53A100730F17 /* MediaStatistics.swift */ = {isa = PBXFileReference; fileEncoding = 4; lastKnownFileType = sourcecode.swift; path = MediaStatistics.swift; sourceTree = "<group>"; };
		32457756238E53A100730F17 /* MediaEmbed.swift */ = {isa = PBXFileReference; fileEncoding = 4; lastKnownFileType = sourcecode.swift; path = MediaEmbed.swift; sourceTree = "<group>"; };
		32457757238E53A100730F17 /* MediaText.swift */ = {isa = PBXFileReference; fileEncoding = 4; lastKnownFileType = sourcecode.swift; path = MediaText.swift; sourceTree = "<group>"; };
		32457758238E53A100730F17 /* MediaCategory.swift */ = {isa = PBXFileReference; fileEncoding = 4; lastKnownFileType = sourcecode.swift; path = MediaCategory.swift; sourceTree = "<group>"; };
		32457759238E53A100730F17 /* MediaStatus.swift */ = {isa = PBXFileReference; fileEncoding = 4; lastKnownFileType = sourcecode.swift; path = MediaStatus.swift; sourceTree = "<group>"; };
		3245775A238E53A100730F17 /* MediaStarRating.swift */ = {isa = PBXFileReference; fileEncoding = 4; lastKnownFileType = sourcecode.swift; path = MediaStarRating.swift; sourceTree = "<group>"; };
		3245775B238E53A100730F17 /* MediaThumbnail.swift */ = {isa = PBXFileReference; fileEncoding = 4; lastKnownFileType = sourcecode.swift; path = MediaThumbnail.swift; sourceTree = "<group>"; };
		3245775C238E53A100730F17 /* MediaPlayer.swift */ = {isa = PBXFileReference; fileEncoding = 4; lastKnownFileType = sourcecode.swift; path = MediaPlayer.swift; sourceTree = "<group>"; };
		3245775E238E53A100730F17 /* JSONFeed.swift */ = {isa = PBXFileReference; fileEncoding = 4; lastKnownFileType = sourcecode.swift; path = JSONFeed.swift; sourceTree = "<group>"; };
		3245775F238E53A100730F17 /* JSONFeedAttachment.swift */ = {isa = PBXFileReference; fileEncoding = 4; lastKnownFileType = sourcecode.swift; path = JSONFeedAttachment.swift; sourceTree = "<group>"; };
		32457760238E53A100730F17 /* JSONFeedHub.swift */ = {isa = PBXFileReference; fileEncoding = 4; lastKnownFileType = sourcecode.swift; path = JSONFeedHub.swift; sourceTree = "<group>"; };
		32457761238E53A100730F17 /* JSONFeedItem.swift */ = {isa = PBXFileReference; fileEncoding = 4; lastKnownFileType = sourcecode.swift; path = JSONFeedItem.swift; sourceTree = "<group>"; };
		32457762238E53A100730F17 /* JSONFeedAuthor.swift */ = {isa = PBXFileReference; fileEncoding = 4; lastKnownFileType = sourcecode.swift; path = JSONFeedAuthor.swift; sourceTree = "<group>"; };
		32457764238E53A100730F17 /* FeedDataType.swift */ = {isa = PBXFileReference; fileEncoding = 4; lastKnownFileType = sourcecode.swift; path = FeedDataType.swift; sourceTree = "<group>"; };
		32457765238E53A100730F17 /* XMLFeedType.swift */ = {isa = PBXFileReference; fileEncoding = 4; lastKnownFileType = sourcecode.swift; path = XMLFeedType.swift; sourceTree = "<group>"; };
		32457766238E53A100730F17 /* ParserError.swift */ = {isa = PBXFileReference; fileEncoding = 4; lastKnownFileType = sourcecode.swift; path = ParserError.swift; sourceTree = "<group>"; };
		32457767238E53A100730F17 /* JSONFeedParser.swift */ = {isa = PBXFileReference; fileEncoding = 4; lastKnownFileType = sourcecode.swift; path = JSONFeedParser.swift; sourceTree = "<group>"; };
		32457768238E53A100730F17 /* FeedParser.swift */ = {isa = PBXFileReference; fileEncoding = 4; lastKnownFileType = sourcecode.swift; path = FeedParser.swift; sourceTree = "<group>"; };
		32457769238E53A100730F17 /* XMLFeedParser.swift */ = {isa = PBXFileReference; fileEncoding = 4; lastKnownFileType = sourcecode.swift; path = XMLFeedParser.swift; sourceTree = "<group>"; };
		3245776A238E53A100730F17 /* FeedParserProtocol.swift */ = {isa = PBXFileReference; fileEncoding = 4; lastKnownFileType = sourcecode.swift; path = FeedParserProtocol.swift; sourceTree = "<group>"; };
		3245776B238E53A100730F17 /* Feed.swift */ = {isa = PBXFileReference; fileEncoding = 4; lastKnownFileType = sourcecode.swift; path = Feed.swift; sourceTree = "<group>"; };
		3245776D238E53A100730F17 /* URL + replacingScheme.swift */ = {isa = PBXFileReference; fileEncoding = 4; lastKnownFileType = sourcecode.swift; path = "URL + replacingScheme.swift"; sourceTree = "<group>"; };
		3245776E238E53A100730F17 /* String + toDuration.swift */ = {isa = PBXFileReference; fileEncoding = 4; lastKnownFileType = sourcecode.swift; path = "String + toDuration.swift"; sourceTree = "<group>"; };
		3245776F238E53A100730F17 /* Array + Equatable.swift */ = {isa = PBXFileReference; fileEncoding = 4; lastKnownFileType = sourcecode.swift; path = "Array + Equatable.swift"; sourceTree = "<group>"; };
		32457770238E53A100730F17 /* Date + codingStrategy.swift */ = {isa = PBXFileReference; fileEncoding = 4; lastKnownFileType = sourcecode.swift; path = "Date + codingStrategy.swift"; sourceTree = "<group>"; };
		32457771238E53A100730F17 /* String + toDate.swift */ = {isa = PBXFileReference; fileEncoding = 4; lastKnownFileType = sourcecode.swift; path = "String + toDate.swift"; sourceTree = "<group>"; };
		32457772238E53A100730F17 /* String + toBool.swift */ = {isa = PBXFileReference; fileEncoding = 4; lastKnownFileType = sourcecode.swift; path = "String + toBool.swift"; sourceTree = "<group>"; };
		324577D5238F7F8600730F17 /* AnnouncementSearchBar.swift */ = {isa = PBXFileReference; lastKnownFileType = sourcecode.swift; path = AnnouncementSearchBar.swift; sourceTree = "<group>"; };
		324577D7238F8CC100730F17 /* FilterTableViewController.swift */ = {isa = PBXFileReference; lastKnownFileType = sourcecode.swift; path = FilterTableViewController.swift; sourceTree = "<group>"; };
		324577D9238FA48300730F17 /* CategoriesCollectionViewCell.swift */ = {isa = PBXFileReference; lastKnownFileType = sourcecode.swift; path = CategoriesCollectionViewCell.swift; sourceTree = "<group>"; };
		324577DB238FA77000730F17 /* FilterTableViewCell.swift */ = {isa = PBXFileReference; lastKnownFileType = sourcecode.swift; path = FilterTableViewCell.swift; sourceTree = "<group>"; };
		326210EB2452061900629CC7 /* UIView Extension.swift */ = {isa = PBXFileReference; lastKnownFileType = sourcecode.swift; path = "UIView Extension.swift"; sourceTree = "<group>"; };
		329E3B1C23F979CC00524901 /* Settings.bundle */ = {isa = PBXFileReference; lastKnownFileType = "wrapper.plug-in"; path = Settings.bundle; sourceTree = "<group>"; };
		329E3B1E23FEA47400524901 /* ReadAnnouncements.swift */ = {isa = PBXFileReference; lastKnownFileType = sourcecode.swift; path = ReadAnnouncements.swift; sourceTree = "<group>"; };
		32C2531E244EA5D40015085A /* UIColor Extension.swift */ = {isa = PBXFileReference; lastKnownFileType = sourcecode.swift; path = "UIColor Extension.swift"; sourceTree = "<group>"; };
		32C25320244EA6030015085A /* UISearchBar Extension.swift */ = {isa = PBXFileReference; lastKnownFileType = sourcecode.swift; path = "UISearchBar Extension.swift"; sourceTree = "<group>"; };
		32C25322244EA6200015085A /* UITextField Extension.swift */ = {isa = PBXFileReference; lastKnownFileType = sourcecode.swift; path = "UITextField Extension.swift"; sourceTree = "<group>"; };
		32C25324244EA63C0015085A /* Array Extension.swift */ = {isa = PBXFileReference; lastKnownFileType = sourcecode.swift; path = "Array Extension.swift"; sourceTree = "<group>"; };
		32C25326244EA6D70015085A /* String Extension.swift */ = {isa = PBXFileReference; lastKnownFileType = sourcecode.swift; path = "String Extension.swift"; sourceTree = "<group>"; };
		32C2532A244EA8390015085A /* ContentCollectionView.swift */ = {isa = PBXFileReference; lastKnownFileType = sourcecode.swift; path = ContentCollectionView.swift; sourceTree = "<group>"; };
		32C2532C244EA8D00015085A /* ContentTextView.swift */ = {isa = PBXFileReference; lastKnownFileType = sourcecode.swift; path = ContentTextView.swift; sourceTree = "<group>"; };
		32C4059824534617006CA49E /* Content.storyboard */ = {isa = PBXFileReference; fileEncoding = 4; lastKnownFileType = file.storyboard; path = Content.storyboard; sourceTree = "<group>"; };
		32C6527223900DC100C698F2 /* SST Announcer.entitlements */ = {isa = PBXFileReference; lastKnownFileType = text.plist.entitlements; path = "SST Announcer.entitlements"; sourceTree = "<group>"; };
		32C65273239017E500C698F2 /* PinnedAnnouncements.swift */ = {isa = PBXFileReference; lastKnownFileType = sourcecode.swift; path = PinnedAnnouncements.swift; sourceTree = "<group>"; };
		32D7070424783053003DC98C /* README.md */ = {isa = PBXFileReference; fileEncoding = 4; lastKnownFileType = net.daringfireball.markdown; path = README.md; sourceTree = "<group>"; };
		32D7070B247A894E003DC98C /* Filter.storyboard */ = {isa = PBXFileReference; fileEncoding = 4; lastKnownFileType = file.storyboard; path = Filter.storyboard; sourceTree = "<group>"; };
		32D99532238C068D00208D25 /* SST Announcer.app */ = {isa = PBXFileReference; explicitFileType = wrapper.application; includeInIndex = 0; path = "SST Announcer.app"; sourceTree = BUILT_PRODUCTS_DIR; };
		32D99535238C068D00208D25 /* AppDelegate.swift */ = {isa = PBXFileReference; lastKnownFileType = sourcecode.swift; path = AppDelegate.swift; sourceTree = "<group>"; };
		32D99537238C068D00208D25 /* SceneDelegate.swift */ = {isa = PBXFileReference; lastKnownFileType = sourcecode.swift; path = SceneDelegate.swift; sourceTree = "<group>"; };
		32D9953C238C068D00208D25 /* Base */ = {isa = PBXFileReference; lastKnownFileType = file.storyboard; name = Base; path = Base.lproj/Main.storyboard; sourceTree = "<group>"; };
		32D9953E238C068F00208D25 /* Assets.xcassets */ = {isa = PBXFileReference; lastKnownFileType = folder.assetcatalog; path = Assets.xcassets; sourceTree = "<group>"; };
		32D99541238C068F00208D25 /* Base */ = {isa = PBXFileReference; lastKnownFileType = file.storyboard; name = Base; path = Base.lproj/LaunchScreen.storyboard; sourceTree = "<group>"; };
		32D99543238C068F00208D25 /* Info.plist */ = {isa = PBXFileReference; lastKnownFileType = text.plist.xml; path = Info.plist; sourceTree = "<group>"; };
		32D9954B238D865600208D25 /* AnnouncementsViewController.swift */ = {isa = PBXFileReference; lastKnownFileType = sourcecode.swift; path = AnnouncementsViewController.swift; sourceTree = "<group>"; };
		32D9954D238D87D200208D25 /* AnnouncementTableViewCell.swift */ = {isa = PBXFileReference; lastKnownFileType = sourcecode.swift; path = AnnouncementTableViewCell.swift; sourceTree = "<group>"; };
		32E9B4D823A3D86F000F769F /* AnnouncementPreviewing.swift */ = {isa = PBXFileReference; lastKnownFileType = sourcecode.swift; path = AnnouncementPreviewing.swift; sourceTree = "<group>"; };
/* End PBXFileReference section */

/* Begin PBXFrameworksBuildPhase section */
		32D9952F238C068D00208D25 /* Frameworks */ = {
			isa = PBXFrameworksBuildPhase;
			buildActionMask = 2147483647;
			files = (
			);
			runOnlyForDeploymentPostprocessing = 0;
		};
/* End PBXFrameworksBuildPhase section */

/* Begin PBXGroup section */
		2872A23A99F4B96DE42DB98B /* Frameworks */ = {
			isa = PBXGroup;
			children = (
				321CA6A7244A19420062E209 /* NotificationCenter.framework */,
			);
			name = Frameworks;
			sourceTree = "<group>";
		};
		320816BF2453515900024FD0 /* CollectionView */ = {
			isa = PBXGroup;
			children = (
				32C2532A244EA8390015085A /* ContentCollectionView.swift */,
				324577D9238FA48300730F17 /* CategoriesCollectionViewCell.swift */,
				320816BD24534E2100024FD0 /* LinksCollectionViewCell.swift */,
			);
			path = CollectionView;
			sourceTree = "<group>";
		};
		324576FE238E213B00730F17 /* KALoader */ = {
			isa = PBXGroup;
			children = (
				324576FF238E213B00730F17 /* UIView+Extensions.swift */,
				32457700238E213B00730F17 /* KALoader.swift */,
				32457701238E213B00730F17 /* KALoader.h */,
			);
			path = KALoader;
			sourceTree = "<group>";
		};
		32457707238E53A100730F17 /* FeedKit */ = {
			isa = PBXGroup;
			children = (
				32457708238E53A100730F17 /* Dates */,
				3245770D238E53A100730F17 /* Models */,
				32457763238E53A100730F17 /* Parser */,
				3245776C238E53A100730F17 /* Extensions */,
			);
			path = FeedKit;
			sourceTree = "<group>";
		};
		32457708238E53A100730F17 /* Dates */ = {
			isa = PBXGroup;
			children = (
				32457709238E53A100730F17 /* DateSpec.swift */,
				3245770A238E53A100730F17 /* RFC3339DateFormatter.swift */,
				3245770B238E53A100730F17 /* RFC822DateFormatter.swift */,
				3245770C238E53A100730F17 /* ISO8601DateFormatter.swift */,
			);
			path = Dates;
			sourceTree = "<group>";
		};
		3245770D238E53A100730F17 /* Models */ = {
			isa = PBXGroup;
			children = (
				3245770E238E53A100730F17 /* Atom */,
				32457721238E53A100730F17 /* RSS */,
				32457732238E53A100730F17 /* Namespaces */,
				3245775D238E53A100730F17 /* JSON */,
			);
			path = Models;
			sourceTree = "<group>";
		};
		3245770E238E53A100730F17 /* Atom */ = {
			isa = PBXGroup;
			children = (
				3245770F238E53A100730F17 /* AtomFeedGenerator.swift */,
				32457710238E53A100730F17 /* AtomFeedEntryContent.swift */,
				32457711238E53A100730F17 /* AtomFeed.swift */,
				32457712238E53A100730F17 /* AtomFeedEntryContributor.swift */,
				32457713238E53A100730F17 /* AtomFeedEntryCategory.swift */,
				32457714238E53A100730F17 /* AtomFeedContributor.swift */,
				32457715238E53A100730F17 /* AtomFeedCategory.swift */,
				32457716238E53A100730F17 /* AtomFeedEntrySummary.swift */,
				32457717238E53A100730F17 /* AtomPath.swift */,
				32457718238E53A100730F17 /* AtomFeedAuthor.swift */,
				32457719238E53A100730F17 /* AtomFeed + mapCharacters.swift */,
				3245771A238E53A100730F17 /* AtomFeedEntrySource.swift */,
				3245771B238E53A100730F17 /* AtomFeedLink.swift */,
				3245771C238E53A100730F17 /* AtomFeedEntryAuthor.swift */,
				3245771D238E53A100730F17 /* AtomFeedEntryLink.swift */,
				3245771E238E53A100730F17 /* AtomFeed + mapAttributes.swift */,
				3245771F238E53A100730F17 /* AtomFeedSubtitle.swift */,
				32457720238E53A100730F17 /* AtomFeedEntry.swift */,
			);
			path = Atom;
			sourceTree = "<group>";
		};
		32457721238E53A100730F17 /* RSS */ = {
			isa = PBXGroup;
			children = (
				32457722238E53A100730F17 /* RSSFeed + mapCharacters.swift */,
				32457723238E53A100730F17 /* RSSFeedCategory.swift */,
				32457724238E53A100730F17 /* RDFPath.swift */,
				32457725238E53A100730F17 /* RSSFeedItem.swift */,
				32457726238E53A100730F17 /* RSSFeed + mapAttributes.swift */,
				32457727238E53A100730F17 /* RSSFeedImage.swift */,
				32457728238E53A100730F17 /* RSSFeedSkipDay.swift */,
				32457729238E53A100730F17 /* RSSFeedItemGUID.swift */,
				3245772A238E53A100730F17 /* RSSFeedSkipHour.swift */,
				3245772B238E53A100730F17 /* RSSFeedCloud.swift */,
				3245772C238E53A100730F17 /* RSSFeedItemCategory.swift */,
				3245772D238E53A100730F17 /* RSSPath.swift */,
				3245772E238E53A100730F17 /* RSSFeedTextInput.swift */,
				3245772F238E53A100730F17 /* RSSFeedItemEnclosure.swift */,
				32457730238E53A100730F17 /* RSSFeedItemSource.swift */,
				32457731238E53A100730F17 /* RSSFeed.swift */,
			);
			path = RSS;
			sourceTree = "<group>";
		};
		32457732238E53A100730F17 /* Namespaces */ = {
			isa = PBXGroup;
			children = (
				32457733238E53A100730F17 /* Syndication */,
				32457736238E53A100730F17 /* iTunes */,
				3245773C238E53A100730F17 /* Content */,
				3245773E238E53A100730F17 /* Dublin Core */,
				32457740238E53A100730F17 /* Media */,
			);
			path = Namespaces;
			sourceTree = "<group>";
		};
		32457733238E53A100730F17 /* Syndication */ = {
			isa = PBXGroup;
			children = (
				32457734238E53A100730F17 /* SyndicationUpdatePeriod.swift */,
				32457735238E53A100730F17 /* SyndicationNamespace.swift */,
			);
			path = Syndication;
			sourceTree = "<group>";
		};
		32457736238E53A100730F17 /* iTunes */ = {
			isa = PBXGroup;
			children = (
				32457737238E53A100730F17 /* iTunesCategory.swift */,
				32457738238E53A100730F17 /* iTunesImage.swift */,
				32457739238E53A100730F17 /* iTunesNamespace.swift */,
				3245773A238E53A100730F17 /* iTunesSubCategory.swift */,
				3245773B238E53A100730F17 /* iTunesOwner.swift */,
			);
			path = iTunes;
			sourceTree = "<group>";
		};
		3245773C238E53A100730F17 /* Content */ = {
			isa = PBXGroup;
			children = (
				3245773D238E53A100730F17 /* ContentNamespace.swift */,
			);
			path = Content;
			sourceTree = "<group>";
		};
		3245773E238E53A100730F17 /* Dublin Core */ = {
			isa = PBXGroup;
			children = (
				3245773F238E53A100730F17 /* DublinCoreNamespace.swift */,
			);
			path = "Dublin Core";
			sourceTree = "<group>";
		};
		32457740238E53A100730F17 /* Media */ = {
			isa = PBXGroup;
			children = (
				32457741238E53A100730F17 /* MediaLicence.swift */,
				32457742238E53A100730F17 /* MediaCredit.swift */,
				32457743238E53A100730F17 /* MediaHash.swift */,
				32457744238E53A100730F17 /* MediaTitle.swift */,
				32457745238E53A100730F17 /* MediaNamespace.swift */,
				32457746238E53A100730F17 /* MediaRating.swift */,
				32457747238E53A100730F17 /* MediaRights.swift */,
				32457748238E53A100730F17 /* MediaContent.swift */,
				32457749238E53A100730F17 /* MediaTag.swift */,
				3245774A238E53A100730F17 /* MediaSubTitle.swift */,
				3245774B238E53A100730F17 /* MediaLocation.swift */,
				3245774C238E53A100730F17 /* MediaGroup.swift */,
				3245774D238E53A100730F17 /* MediaCommunity.swift */,
				3245774E238E53A100730F17 /* MediaPrice.swift */,
				3245774F238E53A100730F17 /* MediaPeerLink.swift */,
				32457750238E53A100730F17 /* MediaCopyright.swift */,
				32457751238E53A100730F17 /* MediaRestriction.swift */,
				32457752238E53A100730F17 /* MediaDescription.swift */,
				32457753238E53A100730F17 /* MediaParam.swift */,
				32457754238E53A100730F17 /* MediaScene.swift */,
				32457755238E53A100730F17 /* MediaStatistics.swift */,
				32457756238E53A100730F17 /* MediaEmbed.swift */,
				32457757238E53A100730F17 /* MediaText.swift */,
				32457758238E53A100730F17 /* MediaCategory.swift */,
				32457759238E53A100730F17 /* MediaStatus.swift */,
				3245775A238E53A100730F17 /* MediaStarRating.swift */,
				3245775B238E53A100730F17 /* MediaThumbnail.swift */,
				3245775C238E53A100730F17 /* MediaPlayer.swift */,
			);
			path = Media;
			sourceTree = "<group>";
		};
		3245775D238E53A100730F17 /* JSON */ = {
			isa = PBXGroup;
			children = (
				3245775E238E53A100730F17 /* JSONFeed.swift */,
				3245775F238E53A100730F17 /* JSONFeedAttachment.swift */,
				32457760238E53A100730F17 /* JSONFeedHub.swift */,
				32457761238E53A100730F17 /* JSONFeedItem.swift */,
				32457762238E53A100730F17 /* JSONFeedAuthor.swift */,
			);
			path = JSON;
			sourceTree = "<group>";
		};
		32457763238E53A100730F17 /* Parser */ = {
			isa = PBXGroup;
			children = (
				32457764238E53A100730F17 /* FeedDataType.swift */,
				32457765238E53A100730F17 /* XMLFeedType.swift */,
				32457766238E53A100730F17 /* ParserError.swift */,
				32457767238E53A100730F17 /* JSONFeedParser.swift */,
				32457768238E53A100730F17 /* FeedParser.swift */,
				32457769238E53A100730F17 /* XMLFeedParser.swift */,
				3245776A238E53A100730F17 /* FeedParserProtocol.swift */,
				3245776B238E53A100730F17 /* Feed.swift */,
			);
			path = Parser;
			sourceTree = "<group>";
		};
		3245776C238E53A100730F17 /* Extensions */ = {
			isa = PBXGroup;
			children = (
				3245776D238E53A100730F17 /* URL + replacingScheme.swift */,
				3245776E238E53A100730F17 /* String + toDuration.swift */,
				3245776F238E53A100730F17 /* Array + Equatable.swift */,
				32457770238E53A100730F17 /* Date + codingStrategy.swift */,
				32457771238E53A100730F17 /* String + toDate.swift */,
				32457772238E53A100730F17 /* String + toBool.swift */,
			);
			path = Extensions;
			sourceTree = "<group>";
		};
		324577D4238F7F6D00730F17 /* Announcement VC */ = {
			isa = PBXGroup;
			children = (
				32D9954B238D865600208D25 /* AnnouncementsViewController.swift */,
				32D9954D238D87D200208D25 /* AnnouncementTableViewCell.swift */,
				32E9B4D823A3D86F000F769F /* AnnouncementPreviewing.swift */,
				324576FA238E063500730F17 /* AnnouncementTableView.swift */,
				324577D5238F7F8600730F17 /* AnnouncementSearchBar.swift */,
			);
			path = "Announcement VC";
			sourceTree = "<group>";
		};
		3246CAFC244D5200009ABB63 /* Delegates */ = {
			isa = PBXGroup;
			children = (
				32D99535238C068D00208D25 /* AppDelegate.swift */,
				32D99537238C068D00208D25 /* SceneDelegate.swift */,
			);
			path = Delegates;
			sourceTree = "<group>";
		};
		3246CAFD244D522A009ABB63 /* Persistence */ = {
			isa = PBXGroup;
			children = (
				32C65273239017E500C698F2 /* PinnedAnnouncements.swift */,
				329E3B1E23FEA47400524901 /* ReadAnnouncements.swift */,
			);
			path = Persistence;
			sourceTree = "<group>";
		};
		32C2531D244EA5C40015085A /* Extensions */ = {
			isa = PBXGroup;
			children = (
				32C25328244EA6F00015085A /* UIKit Extensions */,
				32C25329244EA7010015085A /* Swift Extensions */,
			);
			path = Extensions;
			sourceTree = "<group>";
		};
		32C25328244EA6F00015085A /* UIKit Extensions */ = {
			isa = PBXGroup;
			children = (
				32C2531E244EA5D40015085A /* UIColor Extension.swift */,
				32C25322244EA6200015085A /* UITextField Extension.swift */,
				32C25320244EA6030015085A /* UISearchBar Extension.swift */,
				326210EB2452061900629CC7 /* UIView Extension.swift */,
			);
			path = "UIKit Extensions";
			sourceTree = "<group>";
		};
		32C25329244EA7010015085A /* Swift Extensions */ = {
			isa = PBXGroup;
			children = (
				32C25324244EA63C0015085A /* Array Extension.swift */,
				32C25326244EA6D70015085A /* String Extension.swift */,
			);
			path = "Swift Extensions";
			sourceTree = "<group>";
		};
		32D99529238C068D00208D25 = {
			isa = PBXGroup;
			children = (
				32D7070424783053003DC98C /* README.md */,
				32D99534238C068D00208D25 /* Announcer */,
				32D99533238C068D00208D25 /* Products */,
				F60E238002C508C5CE0166E8 /* Pods */,
				2872A23A99F4B96DE42DB98B /* Frameworks */,
			);
			sourceTree = "<group>";
		};
		32D99533238C068D00208D25 /* Products */ = {
			isa = PBXGroup;
			children = (
				32D99532238C068D00208D25 /* SST Announcer.app */,
			);
			name = Products;
			sourceTree = "<group>";
		};
		32D99534238C068D00208D25 /* Announcer */ = {
			isa = PBXGroup;
			children = (
				32C6527223900DC100C698F2 /* SST Announcer.entitlements */,
				32E9B4D323A38D7A000F769F /* Support Files */,
				32E9B4D423A38D88000F769F /* Storyboards */,
				32E9B4D123A38D3C000F769F /* Content VC */,
				32E9B4D223A38D4E000F769F /* Filter VC */,
				324577D4238F7F6D00730F17 /* Announcement VC */,
				32E9B4D523A38D9A000F769F /* Libraries */,
				32D99543238C068F00208D25 /* Info.plist */,
			);
			path = Announcer;
			sourceTree = "<group>";
		};
		32E9B4D123A38D3C000F769F /* Content VC */ = {
			isa = PBXGroup;
			children = (
				324576FC238E0FB300730F17 /* ContentViewController.swift */,
				32C2532C244EA8D00015085A /* ContentTextView.swift */,
				320816BF2453515900024FD0 /* CollectionView */,
			);
			path = "Content VC";
			sourceTree = "<group>";
		};
		32E9B4D223A38D4E000F769F /* Filter VC */ = {
			isa = PBXGroup;
			children = (
				324577DB238FA77000730F17 /* FilterTableViewCell.swift */,
				324577D7238F8CC100730F17 /* FilterTableViewController.swift */,
			);
			path = "Filter VC";
			sourceTree = "<group>";
		};
		32E9B4D323A38D7A000F769F /* Support Files */ = {
			isa = PBXGroup;
			children = (
				324576F8238D8E0E00730F17 /* Globals.swift */,
				329E3B1C23F979CC00524901 /* Settings.bundle */,
				3246CAFC244D5200009ABB63 /* Delegates */,
				3246CAFD244D522A009ABB63 /* Persistence */,
				32C2531D244EA5C40015085A /* Extensions */,
				32D9953E238C068F00208D25 /* Assets.xcassets */,
			);
			path = "Support Files";
			sourceTree = "<group>";
		};
		32E9B4D423A38D88000F769F /* Storyboards */ = {
			isa = PBXGroup;
			children = (
				32C4059824534617006CA49E /* Content.storyboard */,
				32D7070B247A894E003DC98C /* Filter.storyboard */,
				32D9953B238C068D00208D25 /* Main.storyboard */,
				32D99540238C068F00208D25 /* LaunchScreen.storyboard */,
			);
			path = Storyboards;
			sourceTree = "<group>";
		};
		32E9B4D523A38D9A000F769F /* Libraries */ = {
			isa = PBXGroup;
			children = (
				32457707238E53A100730F17 /* FeedKit */,
				324576FE238E213B00730F17 /* KALoader */,
			);
			path = Libraries;
			sourceTree = "<group>";
		};
		F60E238002C508C5CE0166E8 /* Pods */ = {
			isa = PBXGroup;
			children = (
			);
			path = Pods;
			sourceTree = "<group>";
		};
/* End PBXGroup section */

/* Begin PBXNativeTarget section */
		32D99531238C068D00208D25 /* Announcer */ = {
			isa = PBXNativeTarget;
			buildConfigurationList = 32D99546238C068F00208D25 /* Build configuration list for PBXNativeTarget "Announcer" */;
			buildPhases = (
				32D9952E238C068D00208D25 /* Sources */,
				32D9952F238C068D00208D25 /* Frameworks */,
				32D99530238C068D00208D25 /* Resources */,
				32E9B4E623A53F40000F769F /* Embed App Extensions */,
			);
			buildRules = (
			);
			dependencies = (
			);
			name = Announcer;
			productName = Announcer;
			productReference = 32D99532238C068D00208D25 /* SST Announcer.app */;
			productType = "com.apple.product-type.application";
		};
/* End PBXNativeTarget section */

/* Begin PBXProject section */
		32D9952A238C068D00208D25 /* Project object */ = {
			isa = PBXProject;
			attributes = {
				KnownAssetTags = (
					New,
				);
				LastSwiftUpdateCheck = 1140;
				LastUpgradeCheck = 1130;
				ORGANIZATIONNAME = "SST Inc.";
				TargetAttributes = {
					32D99531238C068D00208D25 = {
						CreatedOnToolsVersion = 11.3;
					};
				};
			};
			buildConfigurationList = 32D9952D238C068D00208D25 /* Build configuration list for PBXProject "Announcer" */;
			compatibilityVersion = "Xcode 9.3";
			developmentRegion = en;
			hasScannedForEncodings = 0;
			knownRegions = (
				en,
				Base,
			);
			mainGroup = 32D99529238C068D00208D25;
			productRefGroup = 32D99533238C068D00208D25 /* Products */;
			projectDirPath = "";
			projectRoot = "";
			targets = (
				32D99531238C068D00208D25 /* Announcer */,
			);
		};
/* End PBXProject section */

/* Begin PBXResourcesBuildPhase section */
		32D99530238C068D00208D25 /* Resources */ = {
			isa = PBXResourcesBuildPhase;
			buildActionMask = 2147483647;
			files = (
				32D7070524783054003DC98C /* README.md in Resources */,
				32D99542238C068F00208D25 /* LaunchScreen.storyboard in Resources */,
				329E3B1D23F979CC00524901 /* Settings.bundle in Resources */,
				32D9953F238C068F00208D25 /* Assets.xcassets in Resources */,
				32D9953D238C068D00208D25 /* Main.storyboard in Resources */,
				32D7070C247A894E003DC98C /* Filter.storyboard in Resources */,
				32C4059924534617006CA49E /* Content.storyboard in Resources */,
			);
			runOnlyForDeploymentPostprocessing = 0;
		};
/* End PBXResourcesBuildPhase section */

/* Begin PBXSourcesBuildPhase section */
		32D9952E238C068D00208D25 /* Sources */ = {
			isa = PBXSourcesBuildPhase;
			buildActionMask = 2147483647;
			files = (
				32457776238E53A100730F17 /* RFC3339DateFormatter.swift in Sources */,
				32457780238E53A100730F17 /* AtomFeedEntrySummary.swift in Sources */,
				324577AA238E53A100730F17 /* MediaRights.swift in Sources */,
				32D9954E238D87D200208D25 /* AnnouncementTableViewCell.swift in Sources */,
				32C25325244EA63C0015085A /* Array Extension.swift in Sources */,
				3245779B238E53A100730F17 /* SyndicationUpdatePeriod.swift in Sources */,
				324577BA238E53A200730F17 /* MediaText.swift in Sources */,
				32E9B4D923A3D86F000F769F /* AnnouncementPreviewing.swift in Sources */,
				324577A4238E53A100730F17 /* MediaLicence.swift in Sources */,
				32C2531F244EA5D40015085A /* UIColor Extension.swift in Sources */,
				32457798238E53A100730F17 /* RSSFeedItemEnclosure.swift in Sources */,
				32C65274239017E500C698F2 /* PinnedAnnouncements.swift in Sources */,
				32C2532D244EA8D00015085A /* ContentTextView.swift in Sources */,
				32457781238E53A100730F17 /* AtomPath.swift in Sources */,
				32C25321244EA6030015085A /* UISearchBar Extension.swift in Sources */,
				3245778A238E53A100730F17 /* AtomFeedEntry.swift in Sources */,
				324576F9238D8E0E00730F17 /* Globals.swift in Sources */,
				324577CE238E53A200730F17 /* String + toDuration.swift in Sources */,
				324577D2238E53A200730F17 /* String + toBool.swift in Sources */,
				3245777E238E53A100730F17 /* AtomFeedContributor.swift in Sources */,
				3245777F238E53A100730F17 /* AtomFeedCategory.swift in Sources */,
				320816BE24534E2100024FD0 /* LinksCollectionViewCell.swift in Sources */,
				324577B4238E53A200730F17 /* MediaRestriction.swift in Sources */,
				32457783238E53A100730F17 /* AtomFeed + mapCharacters.swift in Sources */,
				32457793238E53A100730F17 /* RSSFeedSkipHour.swift in Sources */,
				32457797238E53A100730F17 /* RSSFeedTextInput.swift in Sources */,
				324577C5238E53A200730F17 /* FeedDataType.swift in Sources */,
				324577C9238E53A200730F17 /* FeedParser.swift in Sources */,
				324577A8238E53A100730F17 /* MediaNamespace.swift in Sources */,
				32457792238E53A100730F17 /* RSSFeedItemGUID.swift in Sources */,
				32457794238E53A100730F17 /* RSSFeedCloud.swift in Sources */,
				32457789238E53A100730F17 /* AtomFeedSubtitle.swift in Sources */,
				32457788238E53A100730F17 /* AtomFeed + mapAttributes.swift in Sources */,
				324577A0238E53A100730F17 /* iTunesSubCategory.swift in Sources */,
				3245777C238E53A100730F17 /* AtomFeedEntryContributor.swift in Sources */,
				324577C6238E53A200730F17 /* XMLFeedType.swift in Sources */,
				32457775238E53A100730F17 /* DateSpec.swift in Sources */,
				3245779A238E53A100730F17 /* RSSFeed.swift in Sources */,
				324577C3238E53A200730F17 /* JSONFeedItem.swift in Sources */,
				324577B3238E53A200730F17 /* MediaCopyright.swift in Sources */,
				324577DC238FA77000730F17 /* FilterTableViewCell.swift in Sources */,
				3245778B238E53A100730F17 /* RSSFeed + mapCharacters.swift in Sources */,
				324577B8238E53A200730F17 /* MediaStatistics.swift in Sources */,
				324577BF238E53A200730F17 /* MediaPlayer.swift in Sources */,
				324577A5238E53A100730F17 /* MediaCredit.swift in Sources */,
				3245779D238E53A100730F17 /* iTunesCategory.swift in Sources */,
				324577B9238E53A200730F17 /* MediaEmbed.swift in Sources */,
				32457785238E53A100730F17 /* AtomFeedLink.swift in Sources */,
				324577CC238E53A200730F17 /* Feed.swift in Sources */,
				324577CB238E53A200730F17 /* FeedParserProtocol.swift in Sources */,
				324577D1238E53A200730F17 /* String + toDate.swift in Sources */,
				324577B6238E53A200730F17 /* MediaParam.swift in Sources */,
				324577DA238FA48300730F17 /* CategoriesCollectionViewCell.swift in Sources */,
				32457787238E53A100730F17 /* AtomFeedEntryLink.swift in Sources */,
				32457790238E53A100730F17 /* RSSFeedImage.swift in Sources */,
				3245778F238E53A100730F17 /* RSSFeed + mapAttributes.swift in Sources */,
				3245778E238E53A100730F17 /* RSSFeedItem.swift in Sources */,
				324576FB238E063500730F17 /* AnnouncementTableView.swift in Sources */,
				324577A1238E53A100730F17 /* iTunesOwner.swift in Sources */,
				324577C0238E53A200730F17 /* JSONFeed.swift in Sources */,
				324577B1238E53A200730F17 /* MediaPrice.swift in Sources */,
				324577AD238E53A100730F17 /* MediaSubTitle.swift in Sources */,
				3245779E238E53A100730F17 /* iTunesImage.swift in Sources */,
				32457786238E53A100730F17 /* AtomFeedEntryAuthor.swift in Sources */,
				32457799238E53A100730F17 /* RSSFeedItemSource.swift in Sources */,
				32D9954C238D865600208D25 /* AnnouncementsViewController.swift in Sources */,
				32457791238E53A100730F17 /* RSSFeedSkipDay.swift in Sources */,
				324577CA238E53A200730F17 /* XMLFeedParser.swift in Sources */,
				324577D0238E53A200730F17 /* Date + codingStrategy.swift in Sources */,
				324577AC238E53A100730F17 /* MediaTag.swift in Sources */,
				32C2532B244EA8390015085A /* ContentCollectionView.swift in Sources */,
				32457704238E213B00730F17 /* KALoader.swift in Sources */,
				324577AB238E53A100730F17 /* MediaContent.swift in Sources */,
				324577CF238E53A200730F17 /* Array + Equatable.swift in Sources */,
				3245777A238E53A100730F17 /* AtomFeedEntryContent.swift in Sources */,
				32C25323244EA6200015085A /* UITextField Extension.swift in Sources */,
				324577CD238E53A200730F17 /* URL + replacingScheme.swift in Sources */,
				3245778D238E53A100730F17 /* RDFPath.swift in Sources */,
				324577B2238E53A200730F17 /* MediaPeerLink.swift in Sources */,
				324577BC238E53A200730F17 /* MediaStatus.swift in Sources */,
				324577B5238E53A200730F17 /* MediaDescription.swift in Sources */,
				32C25327244EA6D70015085A /* String Extension.swift in Sources */,
				329E3B1F23FEA47500524901 /* ReadAnnouncements.swift in Sources */,
				32457784238E53A100730F17 /* AtomFeedEntrySource.swift in Sources */,
				324577A7238E53A100730F17 /* MediaTitle.swift in Sources */,
				324577B7238E53A200730F17 /* MediaScene.swift in Sources */,
				324577C7238E53A200730F17 /* ParserError.swift in Sources */,
				324577A2238E53A100730F17 /* ContentNamespace.swift in Sources */,
				324577BD238E53A200730F17 /* MediaStarRating.swift in Sources */,
				32457782238E53A100730F17 /* AtomFeedAuthor.swift in Sources */,
				32D99536238C068D00208D25 /* AppDelegate.swift in Sources */,
				324577BB238E53A200730F17 /* MediaCategory.swift in Sources */,
				32D99538238C068D00208D25 /* SceneDelegate.swift in Sources */,
				32457777238E53A100730F17 /* RFC822DateFormatter.swift in Sources */,
				324577AF238E53A100730F17 /* MediaGroup.swift in Sources */,
				324577AE238E53A100730F17 /* MediaLocation.swift in Sources */,
				32457779238E53A100730F17 /* AtomFeedGenerator.swift in Sources */,
				324577A6238E53A100730F17 /* MediaHash.swift in Sources */,
				3245777D238E53A100730F17 /* AtomFeedEntryCategory.swift in Sources */,
				32457703238E213B00730F17 /* UIView+Extensions.swift in Sources */,
				3245779C238E53A100730F17 /* SyndicationNamespace.swift in Sources */,
				324577D8238F8CC100730F17 /* FilterTableViewController.swift in Sources */,
				324577C1238E53A200730F17 /* JSONFeedAttachment.swift in Sources */,
				324577A9238E53A100730F17 /* MediaRating.swift in Sources */,
				324577A3238E53A100730F17 /* DublinCoreNamespace.swift in Sources */,
				32457795238E53A100730F17 /* RSSFeedItemCategory.swift in Sources */,
				324577D6238F7F8600730F17 /* AnnouncementSearchBar.swift in Sources */,
				324577BE238E53A200730F17 /* MediaThumbnail.swift in Sources */,
				324577C2238E53A200730F17 /* JSONFeedHub.swift in Sources */,
				32457796238E53A100730F17 /* RSSPath.swift in Sources */,
				324576FD238E0FB300730F17 /* ContentViewController.swift in Sources */,
				3245777B238E53A100730F17 /* AtomFeed.swift in Sources */,
				326210EC2452061900629CC7 /* UIView Extension.swift in Sources */,
				3245779F238E53A100730F17 /* iTunesNamespace.swift in Sources */,
				32457778238E53A100730F17 /* ISO8601DateFormatter.swift in Sources */,
				3245778C238E53A100730F17 /* RSSFeedCategory.swift in Sources */,
				324577B0238E53A100730F17 /* MediaCommunity.swift in Sources */,
				324577C8238E53A200730F17 /* JSONFeedParser.swift in Sources */,
				324577C4238E53A200730F17 /* JSONFeedAuthor.swift in Sources */,
			);
			runOnlyForDeploymentPostprocessing = 0;
		};
/* End PBXSourcesBuildPhase section */

/* Begin PBXVariantGroup section */
		32D9953B238C068D00208D25 /* Main.storyboard */ = {
			isa = PBXVariantGroup;
			children = (
				32D9953C238C068D00208D25 /* Base */,
			);
			name = Main.storyboard;
			sourceTree = "<group>";
		};
		32D99540238C068F00208D25 /* LaunchScreen.storyboard */ = {
			isa = PBXVariantGroup;
			children = (
				32D99541238C068F00208D25 /* Base */,
			);
			name = LaunchScreen.storyboard;
			sourceTree = "<group>";
		};
/* End PBXVariantGroup section */

/* Begin XCBuildConfiguration section */
		32D99544238C068F00208D25 /* Debug */ = {
			isa = XCBuildConfiguration;
			buildSettings = {
				ALWAYS_SEARCH_USER_PATHS = NO;
				CLANG_ANALYZER_NONNULL = YES;
				CLANG_ANALYZER_NUMBER_OBJECT_CONVERSION = YES_AGGRESSIVE;
				CLANG_CXX_LANGUAGE_STANDARD = "gnu++14";
				CLANG_CXX_LIBRARY = "libc++";
				CLANG_ENABLE_MODULES = YES;
				CLANG_ENABLE_OBJC_ARC = YES;
				CLANG_ENABLE_OBJC_WEAK = YES;
				CLANG_WARN_BLOCK_CAPTURE_AUTORELEASING = YES;
				CLANG_WARN_BOOL_CONVERSION = YES;
				CLANG_WARN_COMMA = YES;
				CLANG_WARN_CONSTANT_CONVERSION = YES;
				CLANG_WARN_DEPRECATED_OBJC_IMPLEMENTATIONS = YES;
				CLANG_WARN_DIRECT_OBJC_ISA_USAGE = YES_ERROR;
				CLANG_WARN_DOCUMENTATION_COMMENTS = YES;
				CLANG_WARN_EMPTY_BODY = YES;
				CLANG_WARN_ENUM_CONVERSION = YES;
				CLANG_WARN_INFINITE_RECURSION = YES;
				CLANG_WARN_INT_CONVERSION = YES;
				CLANG_WARN_NON_LITERAL_NULL_CONVERSION = YES;
				CLANG_WARN_OBJC_IMPLICIT_RETAIN_SELF = YES;
				CLANG_WARN_OBJC_LITERAL_CONVERSION = YES;
				CLANG_WARN_OBJC_ROOT_CLASS = YES_ERROR;
				CLANG_WARN_RANGE_LOOP_ANALYSIS = YES;
				CLANG_WARN_STRICT_PROTOTYPES = YES;
				CLANG_WARN_SUSPICIOUS_MOVE = YES;
				CLANG_WARN_UNGUARDED_AVAILABILITY = YES_AGGRESSIVE;
				CLANG_WARN_UNREACHABLE_CODE = YES;
				CLANG_WARN__DUPLICATE_METHOD_MATCH = YES;
				COPY_PHASE_STRIP = NO;
				DEBUG_INFORMATION_FORMAT = dwarf;
				ENABLE_STRICT_OBJC_MSGSEND = YES;
				ENABLE_TESTABILITY = YES;
				GCC_C_LANGUAGE_STANDARD = gnu11;
				GCC_DYNAMIC_NO_PIC = NO;
				GCC_NO_COMMON_BLOCKS = YES;
				GCC_OPTIMIZATION_LEVEL = 0;
				GCC_PREPROCESSOR_DEFINITIONS = (
					"DEBUG=1",
					"$(inherited)",
				);
				GCC_WARN_64_TO_32_BIT_CONVERSION = YES;
				GCC_WARN_ABOUT_RETURN_TYPE = YES_ERROR;
				GCC_WARN_UNDECLARED_SELECTOR = YES;
				GCC_WARN_UNINITIALIZED_AUTOS = YES_AGGRESSIVE;
				GCC_WARN_UNUSED_FUNCTION = YES;
				GCC_WARN_UNUSED_VARIABLE = YES;
				IPHONEOS_DEPLOYMENT_TARGET = 13.2;
				MTL_ENABLE_DEBUG_INFO = INCLUDE_SOURCE;
				MTL_FAST_MATH = YES;
				ONLY_ACTIVE_ARCH = YES;
				SDKROOT = iphoneos;
				SWIFT_ACTIVE_COMPILATION_CONDITIONS = DEBUG;
				SWIFT_OPTIMIZATION_LEVEL = "-Onone";
			};
			name = Debug;
		};
		32D99545238C068F00208D25 /* Release */ = {
			isa = XCBuildConfiguration;
			buildSettings = {
				ALWAYS_SEARCH_USER_PATHS = NO;
				CLANG_ANALYZER_NONNULL = YES;
				CLANG_ANALYZER_NUMBER_OBJECT_CONVERSION = YES_AGGRESSIVE;
				CLANG_CXX_LANGUAGE_STANDARD = "gnu++14";
				CLANG_CXX_LIBRARY = "libc++";
				CLANG_ENABLE_MODULES = YES;
				CLANG_ENABLE_OBJC_ARC = YES;
				CLANG_ENABLE_OBJC_WEAK = YES;
				CLANG_WARN_BLOCK_CAPTURE_AUTORELEASING = YES;
				CLANG_WARN_BOOL_CONVERSION = YES;
				CLANG_WARN_COMMA = YES;
				CLANG_WARN_CONSTANT_CONVERSION = YES;
				CLANG_WARN_DEPRECATED_OBJC_IMPLEMENTATIONS = YES;
				CLANG_WARN_DIRECT_OBJC_ISA_USAGE = YES_ERROR;
				CLANG_WARN_DOCUMENTATION_COMMENTS = YES;
				CLANG_WARN_EMPTY_BODY = YES;
				CLANG_WARN_ENUM_CONVERSION = YES;
				CLANG_WARN_INFINITE_RECURSION = YES;
				CLANG_WARN_INT_CONVERSION = YES;
				CLANG_WARN_NON_LITERAL_NULL_CONVERSION = YES;
				CLANG_WARN_OBJC_IMPLICIT_RETAIN_SELF = YES;
				CLANG_WARN_OBJC_LITERAL_CONVERSION = YES;
				CLANG_WARN_OBJC_ROOT_CLASS = YES_ERROR;
				CLANG_WARN_RANGE_LOOP_ANALYSIS = YES;
				CLANG_WARN_STRICT_PROTOTYPES = YES;
				CLANG_WARN_SUSPICIOUS_MOVE = YES;
				CLANG_WARN_UNGUARDED_AVAILABILITY = YES_AGGRESSIVE;
				CLANG_WARN_UNREACHABLE_CODE = YES;
				CLANG_WARN__DUPLICATE_METHOD_MATCH = YES;
				COPY_PHASE_STRIP = NO;
				DEBUG_INFORMATION_FORMAT = "dwarf-with-dsym";
				ENABLE_NS_ASSERTIONS = NO;
				ENABLE_STRICT_OBJC_MSGSEND = YES;
				GCC_C_LANGUAGE_STANDARD = gnu11;
				GCC_NO_COMMON_BLOCKS = YES;
				GCC_WARN_64_TO_32_BIT_CONVERSION = YES;
				GCC_WARN_ABOUT_RETURN_TYPE = YES_ERROR;
				GCC_WARN_UNDECLARED_SELECTOR = YES;
				GCC_WARN_UNINITIALIZED_AUTOS = YES_AGGRESSIVE;
				GCC_WARN_UNUSED_FUNCTION = YES;
				GCC_WARN_UNUSED_VARIABLE = YES;
				IPHONEOS_DEPLOYMENT_TARGET = 13.2;
				MTL_ENABLE_DEBUG_INFO = NO;
				MTL_FAST_MATH = YES;
				SDKROOT = iphoneos;
				SWIFT_COMPILATION_MODE = wholemodule;
				SWIFT_OPTIMIZATION_LEVEL = "-O";
				VALIDATE_PRODUCT = YES;
			};
			name = Release;
		};
		32D99547238C068F00208D25 /* Debug */ = {
			isa = XCBuildConfiguration;
			buildSettings = {
				ALWAYS_EMBED_SWIFT_STANDARD_LIBRARIES = YES;
				ASSETCATALOG_COMPILER_APPICON_NAME = AppIcon;
				CODE_SIGN_ALLOW_ENTITLEMENTS_MODIFICATION = YES;
				CODE_SIGN_ENTITLEMENTS = "Announcer/SST Announcer.entitlements";
				CODE_SIGN_STYLE = Automatic;
				CURRENT_PROJECT_VERSION = 1;
				DERIVE_MACCATALYST_PRODUCT_BUNDLE_IDENTIFIER = YES;
				DEVELOPMENT_TEAM = 7K6ZTDFM48;
				INFOPLIST_FILE = Announcer/Info.plist;
				INFOPLIST_KEY_CFBundleDisplayName = "SST Announcer";
				IPHONEOS_DEPLOYMENT_TARGET = 13.0;
				LD_RUNPATH_SEARCH_PATHS = (
					"$(inherited)",
					"@executable_path/Frameworks",
				);
				MARKETING_VERSION = 11.2;
				PRODUCT_BUNDLE_IDENTIFIER = sg.edu.sst.panziyue.Announcer;
				PRODUCT_NAME = "SST Announcer";
				SUPPORTS_MACCATALYST = YES;
				SWIFT_VERSION = 5.0;
				TARGETED_DEVICE_FAMILY = "1,2";
			};
			name = Debug;
		};
		32D99548238C068F00208D25 /* Release */ = {
			isa = XCBuildConfiguration;
			buildSettings = {
				ALWAYS_EMBED_SWIFT_STANDARD_LIBRARIES = YES;
				ASSETCATALOG_COMPILER_APPICON_NAME = AppIcon;
				CODE_SIGN_ALLOW_ENTITLEMENTS_MODIFICATION = YES;
				CODE_SIGN_ENTITLEMENTS = "Announcer/SST Announcer.entitlements";
				CODE_SIGN_STYLE = Automatic;
				CURRENT_PROJECT_VERSION = 1;
				DERIVE_MACCATALYST_PRODUCT_BUNDLE_IDENTIFIER = YES;
				DEVELOPMENT_TEAM = 7K6ZTDFM48;
				INFOPLIST_FILE = Announcer/Info.plist;
				INFOPLIST_KEY_CFBundleDisplayName = "SST Announcer";
				IPHONEOS_DEPLOYMENT_TARGET = 13.0;
				LD_RUNPATH_SEARCH_PATHS = (
					"$(inherited)",
					"@executable_path/Frameworks",
				);
				MARKETING_VERSION = 11.2;
				PRODUCT_BUNDLE_IDENTIFIER = sg.edu.sst.panziyue.Announcer;
				PRODUCT_NAME = "SST Announcer";
				SUPPORTS_MACCATALYST = YES;
				SWIFT_VERSION = 5.0;
				TARGETED_DEVICE_FAMILY = "1,2";
			};
			name = Release;
		};
/* End XCBuildConfiguration section */

/* Begin XCConfigurationList section */
		32D9952D238C068D00208D25 /* Build configuration list for PBXProject "Announcer" */ = {
			isa = XCConfigurationList;
			buildConfigurations = (
				32D99544238C068F00208D25 /* Debug */,
				32D99545238C068F00208D25 /* Release */,
			);
			defaultConfigurationIsVisible = 0;
			defaultConfigurationName = Release;
		};
		32D99546238C068F00208D25 /* Build configuration list for PBXNativeTarget "Announcer" */ = {
			isa = XCConfigurationList;
			buildConfigurations = (
				32D99547238C068F00208D25 /* Debug */,
				32D99548238C068F00208D25 /* Release */,
			);
			defaultConfigurationIsVisible = 0;
			defaultConfigurationName = Release;
		};
/* End XCConfigurationList section */
	};
	rootObject = 32D9952A238C068D00208D25 /* Project object */;
}
